// !$*UTF8*$!
{
	archiveVersion = 1;
	classes = {
	};
	objectVersion = 46;
	objects = {

/* Begin PBXBuildFile section */
		0948259B1BBAAFAB00662F32 /* Analytics.swift in Sources */ = {isa = PBXBuildFile; fileRef = 0948259A1BBAAFAB00662F32 /* Analytics.swift */; };
		09852CCB1BE3A06A008E4B0A /* ColorPalette.swift in Sources */ = {isa = PBXBuildFile; fileRef = 09852CC91BE39DC2008E4B0A /* ColorPalette.swift */; };
		19EB4427A8DBCD219292B208 /* Pods_CrowdShelf.framework in Frameworks */ = {isa = PBXBuildFile; fileRef = 88715CAB1B620AC597B29BFB /* Pods_CrowdShelf.framework */; };
		390B92FF1BE382CE006CF3EB /* RegisterUserViewController.swift in Sources */ = {isa = PBXBuildFile; fileRef = 390B92FE1BE382CE006CF3EB /* RegisterUserViewController.swift */; };
		390B93011BE3956E006CF3EB /* TextFieldDelegate.swift in Sources */ = {isa = PBXBuildFile; fileRef = 390B93001BE3956E006CF3EB /* TextFieldDelegate.swift */; };
		390EAF261BAA0D5000D0DCEB /* DataHandler+GoogleBooks.swift in Sources */ = {isa = PBXBuildFile; fileRef = 390EAF251BAA0D5000D0DCEB /* DataHandler+GoogleBooks.swift */; };
		390F2C061BBE7B18003E21E7 /* DataHandler+Convenience.swift in Sources */ = {isa = PBXBuildFile; fileRef = 390F2C051BBE7B18003E21E7 /* DataHandler+Convenience.swift */; };
		3912CCDC1BE0D29000E9B785 /* Button.swift in Sources */ = {isa = PBXBuildFile; fileRef = 3912CCDB1BE0D29000E9B785 /* Button.swift */; };
		39152D6B1BD508D8004EC737 /* TableViewSelectionDelegate.swift in Sources */ = {isa = PBXBuildFile; fileRef = 39152D6A1BD508D8004EC737 /* TableViewSelectionDelegate.swift */; };
		39152D6D1BD512FB004EC737 /* CrowdViewController.swift in Sources */ = {isa = PBXBuildFile; fileRef = 39152D6C1BD512FB004EC737 /* CrowdViewController.swift */; };
		39152D6F1BD51A24004EC737 /* AlternativeInfoImageView.swift in Sources */ = {isa = PBXBuildFile; fileRef = 39152D6E1BD51A24004EC737 /* AlternativeInfoImageView.swift */; };
		39152D711BD51D7D004EC737 /* MinimalTextField.swift in Sources */ = {isa = PBXBuildFile; fileRef = 39152D701BD51D7D004EC737 /* MinimalTextField.swift */; };
		39152D731BD51E68004EC737 /* SearchBarDelegate.swift in Sources */ = {isa = PBXBuildFile; fileRef = 39152D721BD51E68004EC737 /* SearchBarDelegate.swift */; };
		39152D7B1BD5342A004EC737 /* String+Initials.swift in Sources */ = {isa = PBXBuildFile; fileRef = 39152D7A1BD5342A004EC737 /* String+Initials.swift */; };
		39152D7D1BD571E1004EC737 /* CollectableCell.xib in Resources */ = {isa = PBXBuildFile; fileRef = 39152D7C1BD571E1004EC737 /* CollectableCell.xib */; };
		39152D7F1BD574DD004EC737 /* UITableView+ReuseCell.swift in Sources */ = {isa = PBXBuildFile; fileRef = 39152D7E1BD574DD004EC737 /* UITableView+ReuseCell.swift */; };
		39152D821BD5A3B2004EC737 /* ListTableViewCell.xib in Resources */ = {isa = PBXBuildFile; fileRef = 39152D811BD5A3B2004EC737 /* ListTableViewCell.xib */; };
		3918BB951BE826C5004C74FE /* ObjectDatabase.swift in Sources */ = {isa = PBXBuildFile; fileRef = 3918BB941BE826C5004C74FE /* ObjectDatabase.swift */; };
		391B92471BCD8FCD0051A24B /* TableViewArrayDataSource.swift in Sources */ = {isa = PBXBuildFile; fileRef = 391B92461BCD8FCD0051A24B /* TableViewArrayDataSource.swift */; };
		392169181BB083E70029A6C8 /* SerializableObject.swift in Sources */ = {isa = PBXBuildFile; fileRef = 392169171BB083E70029A6C8 /* SerializableObject.swift */; };
		39231D631BCE66C5007E02D7 /* CrowdBookCollectionViewController.swift in Sources */ = {isa = PBXBuildFile; fileRef = 39231D621BCE66C5007E02D7 /* CrowdBookCollectionViewController.swift */; };
		39231D6A1BCE6E11007E02D7 /* ListTableViewCell.swift in Sources */ = {isa = PBXBuildFile; fileRef = 39231D691BCE6E11007E02D7 /* ListTableViewCell.swift */; };
		39237ACF1BE6DC6200EF1D13 /* libsqlite3.tbd in Frameworks */ = {isa = PBXBuildFile; fileRef = 39237ACE1BE6DC6200EF1D13 /* libsqlite3.tbd */; };
		39237AE11BE6DD9700EF1D13 /* LICENSE.txt in Resources */ = {isa = PBXBuildFile; fileRef = 39237AD21BE6DD9700EF1D13 /* LICENSE.txt */; };
		39237AE21BE6DD9700EF1D13 /* README.markdown in Sources */ = {isa = PBXBuildFile; fileRef = 39237AD31BE6DD9700EF1D13 /* README.markdown */; };
		39237AE31BE6DD9700EF1D13 /* FMDatabase.m in Sources */ = {isa = PBXBuildFile; fileRef = 39237AD71BE6DD9700EF1D13 /* FMDatabase.m */; };
		39237AE41BE6DD9700EF1D13 /* FMDatabaseAdditions.m in Sources */ = {isa = PBXBuildFile; fileRef = 39237AD91BE6DD9700EF1D13 /* FMDatabaseAdditions.m */; };
		39237AE51BE6DD9700EF1D13 /* FMDatabasePool.m in Sources */ = {isa = PBXBuildFile; fileRef = 39237ADB1BE6DD9700EF1D13 /* FMDatabasePool.m */; };
		39237AE61BE6DD9700EF1D13 /* FMDatabaseQueue.m in Sources */ = {isa = PBXBuildFile; fileRef = 39237ADD1BE6DD9700EF1D13 /* FMDatabaseQueue.m */; };
		39237AE71BE6DD9700EF1D13 /* FMResultSet.m in Sources */ = {isa = PBXBuildFile; fileRef = 39237AE01BE6DD9700EF1D13 /* FMResultSet.m */; };
		392E42CD1BBADBAA0080CCBD /* ActivityIndicatorView.swift in Sources */ = {isa = PBXBuildFile; fileRef = 392E42CC1BBADBAA0080CCBD /* ActivityIndicatorView.swift */; };
		392E42D01BBAE8D20080CCBD /* MessagePopupView.swift in Sources */ = {isa = PBXBuildFile; fileRef = 392E42CF1BBAE8D20080CCBD /* MessagePopupView.swift */; };
		392E42D31BBAF9DA0080CCBD /* CollectionViewController.swift in Sources */ = {isa = PBXBuildFile; fileRef = 392E42D21BBAF9DA0080CCBD /* CollectionViewController.swift */; };
		392E42D61BBB2DCB0080CCBD /* BookCollectionViewController.swift in Sources */ = {isa = PBXBuildFile; fileRef = 392E42D51BBB2DCB0080CCBD /* BookCollectionViewController.swift */; };
		392E42DA1BBBE0AC0080CCBD /* ShelfTableViewCell.swift in Sources */ = {isa = PBXBuildFile; fileRef = 392E42D91BBBE0AC0080CCBD /* ShelfTableViewCell.swift */; };
		3953BF8A1B8DC29B00E39CC9 /* AppDelegate.swift in Sources */ = {isa = PBXBuildFile; fileRef = 3953BF891B8DC29B00E39CC9 /* AppDelegate.swift */; };
		3953BF8F1B8DC29B00E39CC9 /* Main.storyboard in Resources */ = {isa = PBXBuildFile; fileRef = 3953BF8D1B8DC29B00E39CC9 /* Main.storyboard */; };
		3953BF911B8DC29B00E39CC9 /* Images.xcassets in Resources */ = {isa = PBXBuildFile; fileRef = 3953BF901B8DC29B00E39CC9 /* Images.xcassets */; };
		3953BF941B8DC29B00E39CC9 /* LaunchScreen.xib in Resources */ = {isa = PBXBuildFile; fileRef = 3953BF921B8DC29B00E39CC9 /* LaunchScreen.xib */; };
		3953BFA01B8DC29B00E39CC9 /* CrowdShelfTests.swift in Sources */ = {isa = PBXBuildFile; fileRef = 3953BF9F1B8DC29B00E39CC9 /* CrowdShelfTests.swift */; };
		3953BFAC1B8E230300E39CC9 /* KeyValueHandler.swift in Sources */ = {isa = PBXBuildFile; fileRef = 3953BFAB1B8E230300E39CC9 /* KeyValueHandler.swift */; };
		39548E721BD64B1B00C49E3A /* ListTableViewCell+Button.swift in Sources */ = {isa = PBXBuildFile; fileRef = 39548E711BD64B1B00C49E3A /* ListTableViewCell+Button.swift */; };
		395AE16F1BCD21380090B74C /* CollectionViewArrayDataSource.swift in Sources */ = {isa = PBXBuildFile; fileRef = 395AE16E1BCD21380090B74C /* CollectionViewArrayDataSource.swift */; };
		395AE1721BCD25D50090B74C /* Shelf.swift in Sources */ = {isa = PBXBuildFile; fileRef = 395AE1711BCD25D50090B74C /* Shelf.swift */; };
		395AE1761BCD2C670090B74C /* CrowdsViewController.swift in Sources */ = {isa = PBXBuildFile; fileRef = 395AE1751BCD2C670090B74C /* CrowdsViewController.swift */; };
		395EDD1C1B8E61150012A465 /* LocalDataHandlerTest.swift in Sources */ = {isa = PBXBuildFile; fileRef = 395EDD1B1B8E61150012A465 /* LocalDataHandlerTest.swift */; };
		395EDD201B8F09C00012A465 /* ScannerViewController.swift in Sources */ = {isa = PBXBuildFile; fileRef = 395EDD1F1B8F09C00012A465 /* ScannerViewController.swift */; };
		395EDD231B8F55AE0012A465 /* Book.swift in Sources */ = {isa = PBXBuildFile; fileRef = 395EDD221B8F55AE0012A465 /* Book.swift */; };
		395EDD251B8F56BC0012A465 /* Crowd.swift in Sources */ = {isa = PBXBuildFile; fileRef = 395EDD241B8F56BC0012A465 /* Crowd.swift */; };
		39737EBD1BB56ED4001AA6C6 /* Utilities.swift in Sources */ = {isa = PBXBuildFile; fileRef = 39737EBC1BB56ED4001AA6C6 /* Utilities.swift */; };
		3978FE211BB32BF100DF742A /* BookInformationViewController.swift in Sources */ = {isa = PBXBuildFile; fileRef = 3978FE201BB32BF100DF742A /* BookInformationViewController.swift */; };
		3980F2921BE8EFD30031E185 /* ExternalDatabaseHandler.swift in Sources */ = {isa = PBXBuildFile; fileRef = 3980F2911BE8EFD30031E185 /* ExternalDatabaseHandler.swift */; };
		39986DA41BDE574A00616DFB /* SearchViewController.swift in Sources */ = {isa = PBXBuildFile; fileRef = 39986DA31BDE574A00616DFB /* SearchViewController.swift */; };
		399DABF91BE6B62D0080F4E5 /* AlertView.swift in Sources */ = {isa = PBXBuildFile; fileRef = 399DABF81BE6B62D0080F4E5 /* AlertView.swift */; };
		399DABFB1BE6D62B0080F4E5 /* LocalDatabaseHandler.swift in Sources */ = {isa = PBXBuildFile; fileRef = 399DABFA1BE6D62B0080F4E5 /* LocalDatabaseHandler.swift */; };
		399EFDF61BB2E0C900FC0664 /* LoginViewController.swift in Sources */ = {isa = PBXBuildFile; fileRef = 399EFDF51BB2E0C900FC0664 /* LoginViewController.swift */; };
		39A0CAFE1B958B0D00321225 /* SelectionViewController.swift in Sources */ = {isa = PBXBuildFile; fileRef = 39A0CAFD1B958B0D00321225 /* SelectionViewController.swift */; };
		39A655F21BD1199D0075CB81 /* ListViewController.swift in Sources */ = {isa = PBXBuildFile; fileRef = 39A655F11BD1199D0075CB81 /* ListViewController.swift */; };
		39BFDEF41BACBA310058C2CF /* Environment.swift in Sources */ = {isa = PBXBuildFile; fileRef = 39BFDEF31BACBA310058C2CF /* Environment.swift */; };
		39BFDEF51BACBBB50058C2CF /* Environment.swift in Sources */ = {isa = PBXBuildFile; fileRef = 39BFDEF31BACBA310058C2CF /* Environment.swift */; };
		39BFDEFB1BAD4D5E0058C2CF /* Debug.swift in Sources */ = {isa = PBXBuildFile; fileRef = 39BFDEFA1BAD4D5E0058C2CF /* Debug.swift */; };
		39BFDEFC1BAD4EE30058C2CF /* Debug.swift in Sources */ = {isa = PBXBuildFile; fileRef = 39BFDEFA1BAD4D5E0058C2CF /* Debug.swift */; };
		39C2F5861B8F9AB800529AA9 /* BaseModel.swift in Sources */ = {isa = PBXBuildFile; fileRef = 39C2F5851B8F9AB800529AA9 /* BaseModel.swift */; };
		39C2F5881B8FA0CE00529AA9 /* User.swift in Sources */ = {isa = PBXBuildFile; fileRef = 39C2F5871B8FA0CE00529AA9 /* User.swift */; };
		39C2F58A1B8FA40D00529AA9 /* BookInformation.swift in Sources */ = {isa = PBXBuildFile; fileRef = 39C2F5891B8FA40D00529AA9 /* BookInformation.swift */; };
		39C2F5931B90527200529AA9 /* DataHandler.swift in Sources */ = {isa = PBXBuildFile; fileRef = 39C2F5921B90527200529AA9 /* DataHandler.swift */; };
		39C2F5AE1B906D8D00529AA9 /* BookViewController.swift in Sources */ = {isa = PBXBuildFile; fileRef = 39C2F5AD1B906D8D00529AA9 /* BookViewController.swift */; };
		39C2F5B31B90A2EE00529AA9 /* CollectableCell.swift in Sources */ = {isa = PBXBuildFile; fileRef = 39C2F5B21B90A2EE00529AA9 /* CollectableCell.swift */; };
		39C2F5B51B90A40A00529AA9 /* ShelfViewController.swift in Sources */ = {isa = PBXBuildFile; fileRef = 39C2F5B41B90A40A00529AA9 /* ShelfViewController.swift */; };
		39CB7B9E1BB3501000718345 /* BaseViewController.swift in Sources */ = {isa = PBXBuildFile; fileRef = 39CB7B9D1BB3501000718345 /* BaseViewController.swift */; };
		8AD4FCD156A21D9974A66A36 /* Pods.framework in Frameworks */ = {isa = PBXBuildFile; fileRef = 41DD76C7589353231F11064D /* Pods.framework */; };
		EB73191A66225DA2C5127C29 /* Pods_CrowdShelfTests.framework in Frameworks */ = {isa = PBXBuildFile; fileRef = A7C95514F2A9030721465492 /* Pods_CrowdShelfTests.framework */; };
/* End PBXBuildFile section */

/* Begin PBXContainerItemProxy section */
		3953BF9A1B8DC29B00E39CC9 /* PBXContainerItemProxy */ = {
			isa = PBXContainerItemProxy;
			containerPortal = 3953BF7C1B8DC29B00E39CC9 /* Project object */;
			proxyType = 1;
			remoteGlobalIDString = 3953BF831B8DC29B00E39CC9;
			remoteInfo = CrowdShelf;
		};
/* End PBXContainerItemProxy section */

/* Begin PBXFileReference section */
		0948259A1BBAAFAB00662F32 /* Analytics.swift */ = {isa = PBXFileReference; fileEncoding = 4; lastKnownFileType = sourcecode.swift; path = Analytics.swift; sourceTree = "<group>"; };
		09852CC91BE39DC2008E4B0A /* ColorPalette.swift */ = {isa = PBXFileReference; fileEncoding = 4; lastKnownFileType = sourcecode.swift; name = ColorPalette.swift; path = CrowdShelfTests/ColorPalette.swift; sourceTree = SOURCE_ROOT; };
		390B92FE1BE382CE006CF3EB /* RegisterUserViewController.swift */ = {isa = PBXFileReference; fileEncoding = 4; lastKnownFileType = sourcecode.swift; name = RegisterUserViewController.swift; path = ViewControllers/Login/RegisterUserViewController.swift; sourceTree = "<group>"; };
		390B93001BE3956E006CF3EB /* TextFieldDelegate.swift */ = {isa = PBXFileReference; fileEncoding = 4; lastKnownFileType = sourcecode.swift; name = TextFieldDelegate.swift; path = Helpers/TextFieldDelegate.swift; sourceTree = "<group>"; };
		390EAF251BAA0D5000D0DCEB /* DataHandler+GoogleBooks.swift */ = {isa = PBXFileReference; fileEncoding = 4; lastKnownFileType = sourcecode.swift; name = "DataHandler+GoogleBooks.swift"; path = "Handlers/DataHandler+GoogleBooks.swift"; sourceTree = "<group>"; };
		390F2C051BBE7B18003E21E7 /* DataHandler+Convenience.swift */ = {isa = PBXFileReference; fileEncoding = 4; lastKnownFileType = sourcecode.swift; name = "DataHandler+Convenience.swift"; path = "Handlers/DataHandler+Convenience.swift"; sourceTree = "<group>"; };
		3912CCDB1BE0D29000E9B785 /* Button.swift */ = {isa = PBXFileReference; fileEncoding = 4; lastKnownFileType = sourcecode.swift; name = Button.swift; path = Models/Button.swift; sourceTree = "<group>"; };
		39152D6A1BD508D8004EC737 /* TableViewSelectionDelegate.swift */ = {isa = PBXFileReference; fileEncoding = 4; lastKnownFileType = sourcecode.swift; name = TableViewSelectionDelegate.swift; path = Helpers/TableViewSelectionDelegate.swift; sourceTree = "<group>"; };
		39152D6C1BD512FB004EC737 /* CrowdViewController.swift */ = {isa = PBXFileReference; fileEncoding = 4; lastKnownFileType = sourcecode.swift; name = CrowdViewController.swift; path = ViewControllers/CrowdViewController.swift; sourceTree = "<group>"; };
		39152D6E1BD51A24004EC737 /* AlternativeInfoImageView.swift */ = {isa = PBXFileReference; fileEncoding = 4; lastKnownFileType = sourcecode.swift; name = AlternativeInfoImageView.swift; path = Views/AlternativeInfoImageView.swift; sourceTree = "<group>"; };
		39152D701BD51D7D004EC737 /* MinimalTextField.swift */ = {isa = PBXFileReference; fileEncoding = 4; lastKnownFileType = sourcecode.swift; name = MinimalTextField.swift; path = Views/MinimalTextField.swift; sourceTree = "<group>"; };
		39152D721BD51E68004EC737 /* SearchBarDelegate.swift */ = {isa = PBXFileReference; fileEncoding = 4; lastKnownFileType = sourcecode.swift; name = SearchBarDelegate.swift; path = Helpers/SearchBarDelegate.swift; sourceTree = "<group>"; };
		39152D761BD52442004EC737 /* libcommonCrypto.tbd */ = {isa = PBXFileReference; lastKnownFileType = "sourcecode.text-based-dylib-definition"; name = libcommonCrypto.tbd; path = usr/lib/system/libcommonCrypto.tbd; sourceTree = SDKROOT; };
		39152D781BD5273E004EC737 /* Security.framework */ = {isa = PBXFileReference; lastKnownFileType = wrapper.framework; name = Security.framework; path = System/Library/Frameworks/Security.framework; sourceTree = SDKROOT; };
		39152D7A1BD5342A004EC737 /* String+Initials.swift */ = {isa = PBXFileReference; fileEncoding = 4; lastKnownFileType = sourcecode.swift; name = "String+Initials.swift"; path = "Helpers/String+Initials.swift"; sourceTree = "<group>"; };
		39152D7C1BD571E1004EC737 /* CollectableCell.xib */ = {isa = PBXFileReference; fileEncoding = 4; lastKnownFileType = file.xib; name = CollectableCell.xib; path = CollectionViewCell/CollectableCell.xib; sourceTree = "<group>"; };
		39152D7E1BD574DD004EC737 /* UITableView+ReuseCell.swift */ = {isa = PBXFileReference; fileEncoding = 4; lastKnownFileType = sourcecode.swift; name = "UITableView+ReuseCell.swift"; path = "Helpers/UITableView+ReuseCell.swift"; sourceTree = "<group>"; };
		39152D811BD5A3B2004EC737 /* ListTableViewCell.xib */ = {isa = PBXFileReference; fileEncoding = 4; lastKnownFileType = file.xib; name = ListTableViewCell.xib; path = TableViewCells/ListTableViewCell.xib; sourceTree = "<group>"; };
		3918BB941BE826C5004C74FE /* ObjectDatabase.swift */ = {isa = PBXFileReference; fileEncoding = 4; lastKnownFileType = sourcecode.swift; name = ObjectDatabase.swift; path = Helpers/ObjectDatabase.swift; sourceTree = "<group>"; };
		391B92461BCD8FCD0051A24B /* TableViewArrayDataSource.swift */ = {isa = PBXFileReference; fileEncoding = 4; lastKnownFileType = sourcecode.swift; name = TableViewArrayDataSource.swift; path = Handlers/TableViewArrayDataSource.swift; sourceTree = "<group>"; };
		392169171BB083E70029A6C8 /* SerializableObject.swift */ = {isa = PBXFileReference; fileEncoding = 4; lastKnownFileType = sourcecode.swift; name = SerializableObject.swift; path = Models/SerializableObject.swift; sourceTree = "<group>"; };
		39231D621BCE66C5007E02D7 /* CrowdBookCollectionViewController.swift */ = {isa = PBXFileReference; fileEncoding = 4; lastKnownFileType = sourcecode.swift; name = CrowdBookCollectionViewController.swift; path = ViewControllers/CrowdBookCollectionViewController.swift; sourceTree = "<group>"; };
		39231D691BCE6E11007E02D7 /* ListTableViewCell.swift */ = {isa = PBXFileReference; fileEncoding = 4; lastKnownFileType = sourcecode.swift; name = ListTableViewCell.swift; path = TableViewCells/ListTableViewCell.swift; sourceTree = "<group>"; };
		39237AB61BE6DBAD00EF1D13 /* Bridge.h */ = {isa = PBXFileReference; lastKnownFileType = sourcecode.c.h; path = Bridge.h; sourceTree = "<group>"; };
		39237ACE1BE6DC6200EF1D13 /* libsqlite3.tbd */ = {isa = PBXFileReference; lastKnownFileType = "sourcecode.text-based-dylib-definition"; name = libsqlite3.tbd; path = usr/lib/libsqlite3.tbd; sourceTree = SDKROOT; };
		39237AD21BE6DD9700EF1D13 /* LICENSE.txt */ = {isa = PBXFileReference; fileEncoding = 4; lastKnownFileType = text; path = LICENSE.txt; sourceTree = "<group>"; };
		39237AD31BE6DD9700EF1D13 /* README.markdown */ = {isa = PBXFileReference; fileEncoding = 4; lastKnownFileType = net.daringfireball.markdown; path = README.markdown; sourceTree = "<group>"; };
		39237AD61BE6DD9700EF1D13 /* FMDatabase.h */ = {isa = PBXFileReference; fileEncoding = 4; lastKnownFileType = sourcecode.c.h; path = FMDatabase.h; sourceTree = "<group>"; };
		39237AD71BE6DD9700EF1D13 /* FMDatabase.m */ = {isa = PBXFileReference; fileEncoding = 4; lastKnownFileType = sourcecode.c.objc; path = FMDatabase.m; sourceTree = "<group>"; };
		39237AD81BE6DD9700EF1D13 /* FMDatabaseAdditions.h */ = {isa = PBXFileReference; fileEncoding = 4; lastKnownFileType = sourcecode.c.h; path = FMDatabaseAdditions.h; sourceTree = "<group>"; };
		39237AD91BE6DD9700EF1D13 /* FMDatabaseAdditions.m */ = {isa = PBXFileReference; fileEncoding = 4; lastKnownFileType = sourcecode.c.objc; path = FMDatabaseAdditions.m; sourceTree = "<group>"; };
		39237ADA1BE6DD9700EF1D13 /* FMDatabasePool.h */ = {isa = PBXFileReference; fileEncoding = 4; lastKnownFileType = sourcecode.c.h; path = FMDatabasePool.h; sourceTree = "<group>"; };
		39237ADB1BE6DD9700EF1D13 /* FMDatabasePool.m */ = {isa = PBXFileReference; fileEncoding = 4; lastKnownFileType = sourcecode.c.objc; path = FMDatabasePool.m; sourceTree = "<group>"; };
		39237ADC1BE6DD9700EF1D13 /* FMDatabaseQueue.h */ = {isa = PBXFileReference; fileEncoding = 4; lastKnownFileType = sourcecode.c.h; path = FMDatabaseQueue.h; sourceTree = "<group>"; };
		39237ADD1BE6DD9700EF1D13 /* FMDatabaseQueue.m */ = {isa = PBXFileReference; fileEncoding = 4; lastKnownFileType = sourcecode.c.objc; path = FMDatabaseQueue.m; sourceTree = "<group>"; };
		39237ADE1BE6DD9700EF1D13 /* FMDB.h */ = {isa = PBXFileReference; fileEncoding = 4; lastKnownFileType = sourcecode.c.h; path = FMDB.h; sourceTree = "<group>"; };
		39237ADF1BE6DD9700EF1D13 /* FMResultSet.h */ = {isa = PBXFileReference; fileEncoding = 4; lastKnownFileType = sourcecode.c.h; path = FMResultSet.h; sourceTree = "<group>"; };
		39237AE01BE6DD9700EF1D13 /* FMResultSet.m */ = {isa = PBXFileReference; fileEncoding = 4; lastKnownFileType = sourcecode.c.objc; path = FMResultSet.m; sourceTree = "<group>"; };
		392E42CC1BBADBAA0080CCBD /* ActivityIndicatorView.swift */ = {isa = PBXFileReference; fileEncoding = 4; lastKnownFileType = sourcecode.swift; name = ActivityIndicatorView.swift; path = Views/ActivityIndicatorView.swift; sourceTree = "<group>"; };
		392E42CF1BBAE8D20080CCBD /* MessagePopupView.swift */ = {isa = PBXFileReference; fileEncoding = 4; lastKnownFileType = sourcecode.swift; name = MessagePopupView.swift; path = Views/MessagePopupView.swift; sourceTree = "<group>"; };
		392E42D21BBAF9DA0080CCBD /* CollectionViewController.swift */ = {isa = PBXFileReference; fileEncoding = 4; lastKnownFileType = sourcecode.swift; name = CollectionViewController.swift; path = ViewControllers/CollectionViewController.swift; sourceTree = "<group>"; };
		392E42D51BBB2DCB0080CCBD /* BookCollectionViewController.swift */ = {isa = PBXFileReference; fileEncoding = 4; lastKnownFileType = sourcecode.swift; name = BookCollectionViewController.swift; path = ViewControllers/BookCollectionViewController.swift; sourceTree = "<group>"; };
		392E42D91BBBE0AC0080CCBD /* ShelfTableViewCell.swift */ = {isa = PBXFileReference; fileEncoding = 4; lastKnownFileType = sourcecode.swift; name = ShelfTableViewCell.swift; path = TableViewCells/ShelfTableViewCell.swift; sourceTree = "<group>"; };
		3953BF841B8DC29B00E39CC9 /* CrowdShelf.app */ = {isa = PBXFileReference; explicitFileType = wrapper.application; includeInIndex = 0; path = CrowdShelf.app; sourceTree = BUILT_PRODUCTS_DIR; };
		3953BF881B8DC29B00E39CC9 /* Info.plist */ = {isa = PBXFileReference; lastKnownFileType = text.plist.xml; path = Info.plist; sourceTree = "<group>"; };
		3953BF891B8DC29B00E39CC9 /* AppDelegate.swift */ = {isa = PBXFileReference; lastKnownFileType = sourcecode.swift; path = AppDelegate.swift; sourceTree = "<group>"; };
		3953BF8E1B8DC29B00E39CC9 /* Base */ = {isa = PBXFileReference; lastKnownFileType = file.storyboard; name = Base; path = Base.lproj/Main.storyboard; sourceTree = "<group>"; };
		3953BF901B8DC29B00E39CC9 /* Images.xcassets */ = {isa = PBXFileReference; lastKnownFileType = folder.assetcatalog; path = Images.xcassets; sourceTree = "<group>"; };
		3953BF931B8DC29B00E39CC9 /* Base */ = {isa = PBXFileReference; lastKnownFileType = file.xib; name = Base; path = Base.lproj/LaunchScreen.xib; sourceTree = "<group>"; };
		3953BF991B8DC29B00E39CC9 /* CrowdShelfTests.xctest */ = {isa = PBXFileReference; explicitFileType = wrapper.cfbundle; includeInIndex = 0; path = CrowdShelfTests.xctest; sourceTree = BUILT_PRODUCTS_DIR; };
		3953BF9E1B8DC29B00E39CC9 /* Info.plist */ = {isa = PBXFileReference; lastKnownFileType = text.plist.xml; path = Info.plist; sourceTree = "<group>"; };
		3953BF9F1B8DC29B00E39CC9 /* CrowdShelfTests.swift */ = {isa = PBXFileReference; lastKnownFileType = sourcecode.swift; path = CrowdShelfTests.swift; sourceTree = "<group>"; };
		3953BFAB1B8E230300E39CC9 /* KeyValueHandler.swift */ = {isa = PBXFileReference; fileEncoding = 4; lastKnownFileType = sourcecode.swift; name = KeyValueHandler.swift; path = Handlers/KeyValueHandler.swift; sourceTree = "<group>"; };
		39548E711BD64B1B00C49E3A /* ListTableViewCell+Button.swift */ = {isa = PBXFileReference; fileEncoding = 4; lastKnownFileType = sourcecode.swift; name = "ListTableViewCell+Button.swift"; path = "Extensions/ListTableViewCell+Button.swift"; sourceTree = "<group>"; };
		395AE16E1BCD21380090B74C /* CollectionViewArrayDataSource.swift */ = {isa = PBXFileReference; fileEncoding = 4; lastKnownFileType = sourcecode.swift; name = CollectionViewArrayDataSource.swift; path = Helpers/CollectionViewArrayDataSource.swift; sourceTree = "<group>"; };
		395AE1711BCD25D50090B74C /* Shelf.swift */ = {isa = PBXFileReference; fileEncoding = 4; lastKnownFileType = sourcecode.swift; name = Shelf.swift; path = Models/Shelf.swift; sourceTree = "<group>"; };
		395AE1751BCD2C670090B74C /* CrowdsViewController.swift */ = {isa = PBXFileReference; fileEncoding = 4; lastKnownFileType = sourcecode.swift; name = CrowdsViewController.swift; path = ViewControllers/CrowdsViewController.swift; sourceTree = "<group>"; };
		395EDD1B1B8E61150012A465 /* LocalDataHandlerTest.swift */ = {isa = PBXFileReference; fileEncoding = 4; lastKnownFileType = sourcecode.swift; name = LocalDataHandlerTest.swift; path = Handlers/LocalDataHandlerTest.swift; sourceTree = "<group>"; };
		395EDD1F1B8F09C00012A465 /* ScannerViewController.swift */ = {isa = PBXFileReference; fileEncoding = 4; lastKnownFileType = sourcecode.swift; name = ScannerViewController.swift; path = ViewControllers/ScannerViewController.swift; sourceTree = "<group>"; };
		395EDD221B8F55AE0012A465 /* Book.swift */ = {isa = PBXFileReference; fileEncoding = 4; lastKnownFileType = sourcecode.swift; name = Book.swift; path = Models/Book.swift; sourceTree = "<group>"; };
		395EDD241B8F56BC0012A465 /* Crowd.swift */ = {isa = PBXFileReference; fileEncoding = 4; lastKnownFileType = sourcecode.swift; name = Crowd.swift; path = Models/Crowd.swift; sourceTree = "<group>"; };
		39737EBC1BB56ED4001AA6C6 /* Utilities.swift */ = {isa = PBXFileReference; fileEncoding = 4; lastKnownFileType = sourcecode.swift; path = Utilities.swift; sourceTree = "<group>"; };
		3978FE201BB32BF100DF742A /* BookInformationViewController.swift */ = {isa = PBXFileReference; fileEncoding = 4; lastKnownFileType = sourcecode.swift; name = BookInformationViewController.swift; path = ViewControllers/BookInformationViewController.swift; sourceTree = "<group>"; };
		3980F2911BE8EFD30031E185 /* ExternalDatabaseHandler.swift */ = {isa = PBXFileReference; fileEncoding = 4; lastKnownFileType = sourcecode.swift; name = ExternalDatabaseHandler.swift; path = Handlers/ExternalDatabaseHandler.swift; sourceTree = "<group>"; };
		39986DA31BDE574A00616DFB /* SearchViewController.swift */ = {isa = PBXFileReference; fileEncoding = 4; lastKnownFileType = sourcecode.swift; name = SearchViewController.swift; path = ViewControllers/Search/SearchViewController.swift; sourceTree = "<group>"; };
		399DABF81BE6B62D0080F4E5 /* AlertView.swift */ = {isa = PBXFileReference; fileEncoding = 4; lastKnownFileType = sourcecode.swift; name = AlertView.swift; path = Views/AlertView.swift; sourceTree = "<group>"; };
		399DABFA1BE6D62B0080F4E5 /* LocalDatabaseHandler.swift */ = {isa = PBXFileReference; fileEncoding = 4; lastKnownFileType = sourcecode.swift; name = LocalDatabaseHandler.swift; path = Handlers/LocalDatabaseHandler.swift; sourceTree = "<group>"; };
		399EFDF51BB2E0C900FC0664 /* LoginViewController.swift */ = {isa = PBXFileReference; fileEncoding = 4; lastKnownFileType = sourcecode.swift; name = LoginViewController.swift; path = ViewControllers/LoginViewController.swift; sourceTree = "<group>"; };
		39A0CAFD1B958B0D00321225 /* SelectionViewController.swift */ = {isa = PBXFileReference; fileEncoding = 4; lastKnownFileType = sourcecode.swift; name = SelectionViewController.swift; path = ViewControllers/SelectionViewController.swift; sourceTree = "<group>"; };
		39A655F11BD1199D0075CB81 /* ListViewController.swift */ = {isa = PBXFileReference; fileEncoding = 4; lastKnownFileType = sourcecode.swift; name = ListViewController.swift; path = ViewControllers/ListViewController.swift; sourceTree = "<group>"; };
		39BFDEF31BACBA310058C2CF /* Environment.swift */ = {isa = PBXFileReference; fileEncoding = 4; lastKnownFileType = sourcecode.swift; path = Environment.swift; sourceTree = "<group>"; };
		39BFDEFA1BAD4D5E0058C2CF /* Debug.swift */ = {isa = PBXFileReference; fileEncoding = 4; lastKnownFileType = sourcecode.swift; path = Debug.swift; sourceTree = "<group>"; };
		39C2F5851B8F9AB800529AA9 /* BaseModel.swift */ = {isa = PBXFileReference; fileEncoding = 4; lastKnownFileType = sourcecode.swift; name = BaseModel.swift; path = Models/BaseModel.swift; sourceTree = "<group>"; };
		39C2F5871B8FA0CE00529AA9 /* User.swift */ = {isa = PBXFileReference; fileEncoding = 4; lastKnownFileType = sourcecode.swift; name = User.swift; path = Models/User.swift; sourceTree = "<group>"; };
		39C2F5891B8FA40D00529AA9 /* BookInformation.swift */ = {isa = PBXFileReference; fileEncoding = 4; lastKnownFileType = sourcecode.swift; name = BookInformation.swift; path = Models/BookInformation.swift; sourceTree = "<group>"; };
		39C2F5921B90527200529AA9 /* DataHandler.swift */ = {isa = PBXFileReference; fileEncoding = 4; lastKnownFileType = sourcecode.swift; name = DataHandler.swift; path = Handlers/DataHandler.swift; sourceTree = "<group>"; };
		39C2F5AD1B906D8D00529AA9 /* BookViewController.swift */ = {isa = PBXFileReference; fileEncoding = 4; lastKnownFileType = sourcecode.swift; name = BookViewController.swift; path = ViewControllers/BookViewController.swift; sourceTree = "<group>"; };
		39C2F5B21B90A2EE00529AA9 /* CollectableCell.swift */ = {isa = PBXFileReference; fileEncoding = 4; lastKnownFileType = sourcecode.swift; name = CollectableCell.swift; path = CollectionViewCell/CollectableCell.swift; sourceTree = "<group>"; };
		39C2F5B41B90A40A00529AA9 /* ShelfViewController.swift */ = {isa = PBXFileReference; fileEncoding = 4; lastKnownFileType = sourcecode.swift; name = ShelfViewController.swift; path = ViewControllers/ShelfViewController.swift; sourceTree = "<group>"; };
		39CB7B9D1BB3501000718345 /* BaseViewController.swift */ = {isa = PBXFileReference; fileEncoding = 4; lastKnownFileType = sourcecode.swift; name = BaseViewController.swift; path = ViewControllers/BaseViewController.swift; sourceTree = "<group>"; };
		41DD76C7589353231F11064D /* Pods.framework */ = {isa = PBXFileReference; explicitFileType = wrapper.framework; includeInIndex = 0; path = Pods.framework; sourceTree = BUILT_PRODUCTS_DIR; };
		5EF38354A71D07FCA0B824FA /* Pods-CrowdShelf.debug.xcconfig */ = {isa = PBXFileReference; includeInIndex = 1; lastKnownFileType = text.xcconfig; name = "Pods-CrowdShelf.debug.xcconfig"; path = "Pods/Target Support Files/Pods-CrowdShelf/Pods-CrowdShelf.debug.xcconfig"; sourceTree = "<group>"; };
		6812931536828829CEA56163 /* Pods-CrowdShelfTests.debug.xcconfig */ = {isa = PBXFileReference; includeInIndex = 1; lastKnownFileType = text.xcconfig; name = "Pods-CrowdShelfTests.debug.xcconfig"; path = "Pods/Target Support Files/Pods-CrowdShelfTests/Pods-CrowdShelfTests.debug.xcconfig"; sourceTree = "<group>"; };
		88715CAB1B620AC597B29BFB /* Pods_CrowdShelf.framework */ = {isa = PBXFileReference; explicitFileType = wrapper.framework; includeInIndex = 0; path = Pods_CrowdShelf.framework; sourceTree = BUILT_PRODUCTS_DIR; };
		A7C95514F2A9030721465492 /* Pods_CrowdShelfTests.framework */ = {isa = PBXFileReference; explicitFileType = wrapper.framework; includeInIndex = 0; path = Pods_CrowdShelfTests.framework; sourceTree = BUILT_PRODUCTS_DIR; };
		AF0407937098AC2B7966D57B /* Pods-CrowdShelf.release.xcconfig */ = {isa = PBXFileReference; includeInIndex = 1; lastKnownFileType = text.xcconfig; name = "Pods-CrowdShelf.release.xcconfig"; path = "Pods/Target Support Files/Pods-CrowdShelf/Pods-CrowdShelf.release.xcconfig"; sourceTree = "<group>"; };
		B067EF483BF5D5373E81757E /* Pods-CrowdShelfTests.release.xcconfig */ = {isa = PBXFileReference; includeInIndex = 1; lastKnownFileType = text.xcconfig; name = "Pods-CrowdShelfTests.release.xcconfig"; path = "Pods/Target Support Files/Pods-CrowdShelfTests/Pods-CrowdShelfTests.release.xcconfig"; sourceTree = "<group>"; };
/* End PBXFileReference section */

/* Begin PBXFrameworksBuildPhase section */
		3953BF811B8DC29B00E39CC9 /* Frameworks */ = {
			isa = PBXFrameworksBuildPhase;
			buildActionMask = 2147483647;
			files = (
				39237ACF1BE6DC6200EF1D13 /* libsqlite3.tbd in Frameworks */,
				8AD4FCD156A21D9974A66A36 /* Pods.framework in Frameworks */,
				19EB4427A8DBCD219292B208 /* Pods_CrowdShelf.framework in Frameworks */,
			);
			runOnlyForDeploymentPostprocessing = 0;
		};
		3953BF961B8DC29B00E39CC9 /* Frameworks */ = {
			isa = PBXFrameworksBuildPhase;
			buildActionMask = 2147483647;
			files = (
				EB73191A66225DA2C5127C29 /* Pods_CrowdShelfTests.framework in Frameworks */,
			);
			runOnlyForDeploymentPostprocessing = 0;
		};
/* End PBXFrameworksBuildPhase section */

/* Begin PBXGroup section */
		390B92FD1BE3828E006CF3EB /* Login */ = {
			isa = PBXGroup;
			children = (
				399EFDF51BB2E0C900FC0664 /* LoginViewController.swift */,
				390B92FE1BE382CE006CF3EB /* RegisterUserViewController.swift */,
			);
			name = Login;
			sourceTree = "<group>";
		};
		39152D801BD5A372004EC737 /* Extensions */ = {
			isa = PBXGroup;
			children = (
				390F2C051BBE7B18003E21E7 /* DataHandler+Convenience.swift */,
				39152D7A1BD5342A004EC737 /* String+Initials.swift */,
				39152D7E1BD574DD004EC737 /* UITableView+ReuseCell.swift */,
				39548E711BD64B1B00C49E3A /* ListTableViewCell+Button.swift */,
			);
			name = Extensions;
			sourceTree = "<group>";
		};
		39153A531B97150B00D34293 /* Views */ = {
			isa = PBXGroup;
			children = (
				392E42D81BBBE0570080CCBD /* TableViewCells */,
				39C2F5B11B90A27D00529AA9 /* CollectionViewCells */,
				392E42CC1BBADBAA0080CCBD /* ActivityIndicatorView.swift */,
				392E42CF1BBAE8D20080CCBD /* MessagePopupView.swift */,
				39152D6E1BD51A24004EC737 /* AlternativeInfoImageView.swift */,
				39152D701BD51D7D004EC737 /* MinimalTextField.swift */,
				399DABF81BE6B62D0080F4E5 /* AlertView.swift */,
			);
			name = Views;
			sourceTree = "<group>";
		};
		39231D651BCE6CA4007E02D7 /* Crowd */ = {
			isa = PBXGroup;
			children = (
				395AE1751BCD2C670090B74C /* CrowdsViewController.swift */,
				39231D621BCE66C5007E02D7 /* CrowdBookCollectionViewController.swift */,
				39152D6C1BD512FB004EC737 /* CrowdViewController.swift */,
			);
			name = Crowd;
			sourceTree = "<group>";
		};
		39231D661BCE6CB8007E02D7 /* Book */ = {
			isa = PBXGroup;
			children = (
				39C2F5AD1B906D8D00529AA9 /* BookViewController.swift */,
				3978FE201BB32BF100DF742A /* BookInformationViewController.swift */,
			);
			name = Book;
			sourceTree = "<group>";
		};
		39231D671BCE6CDE007E02D7 /* Shelf */ = {
			isa = PBXGroup;
			children = (
				39C2F5B41B90A40A00529AA9 /* ShelfViewController.swift */,
				392E42D51BBB2DCB0080CCBD /* BookCollectionViewController.swift */,
			);
			name = Shelf;
			sourceTree = "<group>";
		};
		39231D681BCE6CEF007E02D7 /* Scanner */ = {
			isa = PBXGroup;
			children = (
				395EDD1F1B8F09C00012A465 /* ScannerViewController.swift */,
			);
			name = Scanner;
			sourceTree = "<group>";
		};
		39237AD01BE6DD8E00EF1D13 /* Libraries */ = {
			isa = PBXGroup;
			children = (
				39237AD11BE6DD9700EF1D13 /* FMDB */,
			);
			name = Libraries;
			sourceTree = "<group>";
		};
		39237AD11BE6DD9700EF1D13 /* FMDB */ = {
			isa = PBXGroup;
			children = (
				39237AD21BE6DD9700EF1D13 /* LICENSE.txt */,
				39237AD31BE6DD9700EF1D13 /* README.markdown */,
				39237AD41BE6DD9700EF1D13 /* src */,
			);
			path = FMDB;
			sourceTree = "<group>";
		};
		39237AD41BE6DD9700EF1D13 /* src */ = {
			isa = PBXGroup;
			children = (
				39237AD51BE6DD9700EF1D13 /* fmdb */,
			);
			path = src;
			sourceTree = "<group>";
		};
		39237AD51BE6DD9700EF1D13 /* fmdb */ = {
			isa = PBXGroup;
			children = (
				39237AD61BE6DD9700EF1D13 /* FMDatabase.h */,
				39237AD71BE6DD9700EF1D13 /* FMDatabase.m */,
				39237AD81BE6DD9700EF1D13 /* FMDatabaseAdditions.h */,
				39237AD91BE6DD9700EF1D13 /* FMDatabaseAdditions.m */,
				39237ADA1BE6DD9700EF1D13 /* FMDatabasePool.h */,
				39237ADB1BE6DD9700EF1D13 /* FMDatabasePool.m */,
				39237ADC1BE6DD9700EF1D13 /* FMDatabaseQueue.h */,
				39237ADD1BE6DD9700EF1D13 /* FMDatabaseQueue.m */,
				39237ADE1BE6DD9700EF1D13 /* FMDB.h */,
				39237ADF1BE6DD9700EF1D13 /* FMResultSet.h */,
				39237AE01BE6DD9700EF1D13 /* FMResultSet.m */,
			);
			path = fmdb;
			sourceTree = "<group>";
		};
		392E42D81BBBE0570080CCBD /* TableViewCells */ = {
			isa = PBXGroup;
			children = (
				392E42D91BBBE0AC0080CCBD /* ShelfTableViewCell.swift */,
				39231D691BCE6E11007E02D7 /* ListTableViewCell.swift */,
				39152D811BD5A3B2004EC737 /* ListTableViewCell.xib */,
			);
			name = TableViewCells;
			sourceTree = "<group>";
		};
		3953BF7B1B8DC29B00E39CC9 = {
			isa = PBXGroup;
			children = (
				3953BF861B8DC29B00E39CC9 /* CrowdShelf */,
				3953BF9C1B8DC29B00E39CC9 /* CrowdShelfTests */,
				3953BF851B8DC29B00E39CC9 /* Products */,
				4CA4BDD76803AE4B70C87B74 /* Frameworks */,
				D63E1FEB799F497001416960 /* Pods */,
			);
			sourceTree = "<group>";
		};
		3953BF851B8DC29B00E39CC9 /* Products */ = {
			isa = PBXGroup;
			children = (
				3953BF841B8DC29B00E39CC9 /* CrowdShelf.app */,
				3953BF991B8DC29B00E39CC9 /* CrowdShelfTests.xctest */,
			);
			name = Products;
			sourceTree = "<group>";
		};
		3953BF861B8DC29B00E39CC9 /* CrowdShelf */ = {
			isa = PBXGroup;
			children = (
				39237AD01BE6DD8E00EF1D13 /* Libraries */,
				39152D801BD5A372004EC737 /* Extensions */,
				395AE1741BCD2B940090B74C /* Helpers */,
				395EDD211B8F55650012A465 /* Models */,
				3953BFAA1B8E224000E39CC9 /* Handlers */,
				39153A531B97150B00D34293 /* Views */,
				3953BFA91B8E223300E39CC9 /* ViewControllers */,
				3953BF891B8DC29B00E39CC9 /* AppDelegate.swift */,
				3953BF8D1B8DC29B00E39CC9 /* Main.storyboard */,
				3953BF901B8DC29B00E39CC9 /* Images.xcassets */,
				3953BF921B8DC29B00E39CC9 /* LaunchScreen.xib */,
				3953BF871B8DC29B00E39CC9 /* Supporting Files */,
			);
			path = CrowdShelf;
			sourceTree = "<group>";
		};
		3953BF871B8DC29B00E39CC9 /* Supporting Files */ = {
			isa = PBXGroup;
			children = (
				09852CC91BE39DC2008E4B0A /* ColorPalette.swift */,
				3953BF881B8DC29B00E39CC9 /* Info.plist */,
				39BFDEF31BACBA310058C2CF /* Environment.swift */,
				39BFDEFA1BAD4D5E0058C2CF /* Debug.swift */,
				39237AB61BE6DBAD00EF1D13 /* Bridge.h */,
			);
			name = "Supporting Files";
			sourceTree = "<group>";
		};
		3953BF9C1B8DC29B00E39CC9 /* CrowdShelfTests */ = {
			isa = PBXGroup;
			children = (
				39A0CB051B95D2BB00321225 /* ViewControllers */,
				3953BF9F1B8DC29B00E39CC9 /* CrowdShelfTests.swift */,
				3953BF9D1B8DC29B00E39CC9 /* Supporting Files */,
				395EDD1D1B8E611A0012A465 /* Handlers */,
			);
			path = CrowdShelfTests;
			sourceTree = "<group>";
		};
		3953BF9D1B8DC29B00E39CC9 /* Supporting Files */ = {
			isa = PBXGroup;
			children = (
				3953BF9E1B8DC29B00E39CC9 /* Info.plist */,
			);
			name = "Supporting Files";
			sourceTree = "<group>";
		};
		3953BFA91B8E223300E39CC9 /* ViewControllers */ = {
			isa = PBXGroup;
			children = (
				39986DA21BDE571600616DFB /* Search */,
				39231D651BCE6CA4007E02D7 /* Crowd */,
				39231D661BCE6CB8007E02D7 /* Book */,
				39231D671BCE6CDE007E02D7 /* Shelf */,
				39231D681BCE6CEF007E02D7 /* Scanner */,
				390B92FD1BE3828E006CF3EB /* Login */,
				39CB7B9D1BB3501000718345 /* BaseViewController.swift */,
				39A655F11BD1199D0075CB81 /* ListViewController.swift */,
				39A0CAFD1B958B0D00321225 /* SelectionViewController.swift */,
				392E42D21BBAF9DA0080CCBD /* CollectionViewController.swift */,
			);
			name = ViewControllers;
			sourceTree = "<group>";
		};
		3953BFAA1B8E224000E39CC9 /* Handlers */ = {
			isa = PBXGroup;
			children = (
				0948259A1BBAAFAB00662F32 /* Analytics.swift */,
				3953BFAB1B8E230300E39CC9 /* KeyValueHandler.swift */,
				39C2F5921B90527200529AA9 /* DataHandler.swift */,
				399DABFA1BE6D62B0080F4E5 /* LocalDatabaseHandler.swift */,
				3980F2911BE8EFD30031E185 /* ExternalDatabaseHandler.swift */,
				390EAF251BAA0D5000D0DCEB /* DataHandler+GoogleBooks.swift */,
			);
			name = Handlers;
			sourceTree = "<group>";
		};
		395AE1741BCD2B940090B74C /* Helpers */ = {
			isa = PBXGroup;
			children = (
				39737EBC1BB56ED4001AA6C6 /* Utilities.swift */,
				395AE16E1BCD21380090B74C /* CollectionViewArrayDataSource.swift */,
				391B92461BCD8FCD0051A24B /* TableViewArrayDataSource.swift */,
				39152D6A1BD508D8004EC737 /* TableViewSelectionDelegate.swift */,
				39152D721BD51E68004EC737 /* SearchBarDelegate.swift */,
				390B93001BE3956E006CF3EB /* TextFieldDelegate.swift */,
				3918BB941BE826C5004C74FE /* ObjectDatabase.swift */,
			);
			name = Helpers;
			sourceTree = "<group>";
		};
		395EDD1D1B8E611A0012A465 /* Handlers */ = {
			isa = PBXGroup;
			children = (
				395EDD1B1B8E61150012A465 /* LocalDataHandlerTest.swift */,
			);
			name = Handlers;
			sourceTree = "<group>";
		};
		395EDD211B8F55650012A465 /* Models */ = {
			isa = PBXGroup;
			children = (
				392169171BB083E70029A6C8 /* SerializableObject.swift */,
				39C2F5851B8F9AB800529AA9 /* BaseModel.swift */,
				395EDD221B8F55AE0012A465 /* Book.swift */,
				395EDD241B8F56BC0012A465 /* Crowd.swift */,
				39C2F5871B8FA0CE00529AA9 /* User.swift */,
				39C2F5891B8FA40D00529AA9 /* BookInformation.swift */,
				395AE1711BCD25D50090B74C /* Shelf.swift */,
				3912CCDB1BE0D29000E9B785 /* Button.swift */,
			);
			name = Models;
			sourceTree = "<group>";
		};
		39986DA21BDE571600616DFB /* Search */ = {
			isa = PBXGroup;
			children = (
				39986DA31BDE574A00616DFB /* SearchViewController.swift */,
			);
			name = Search;
			sourceTree = "<group>";
		};
		39A0CB051B95D2BB00321225 /* ViewControllers */ = {
			isa = PBXGroup;
			children = (
			);
			name = ViewControllers;
			sourceTree = "<group>";
		};
		39C2F5B11B90A27D00529AA9 /* CollectionViewCells */ = {
			isa = PBXGroup;
			children = (
				39C2F5B21B90A2EE00529AA9 /* CollectableCell.swift */,
				39152D7C1BD571E1004EC737 /* CollectableCell.xib */,
			);
			name = CollectionViewCells;
			sourceTree = "<group>";
		};
		4CA4BDD76803AE4B70C87B74 /* Frameworks */ = {
			isa = PBXGroup;
			children = (
				39237ACE1BE6DC6200EF1D13 /* libsqlite3.tbd */,
				39152D781BD5273E004EC737 /* Security.framework */,
				39152D761BD52442004EC737 /* libcommonCrypto.tbd */,
				41DD76C7589353231F11064D /* Pods.framework */,
				88715CAB1B620AC597B29BFB /* Pods_CrowdShelf.framework */,
				A7C95514F2A9030721465492 /* Pods_CrowdShelfTests.framework */,
			);
			name = Frameworks;
			sourceTree = "<group>";
		};
		D63E1FEB799F497001416960 /* Pods */ = {
			isa = PBXGroup;
			children = (
				5EF38354A71D07FCA0B824FA /* Pods-CrowdShelf.debug.xcconfig */,
				AF0407937098AC2B7966D57B /* Pods-CrowdShelf.release.xcconfig */,
				6812931536828829CEA56163 /* Pods-CrowdShelfTests.debug.xcconfig */,
				B067EF483BF5D5373E81757E /* Pods-CrowdShelfTests.release.xcconfig */,
			);
			name = Pods;
			sourceTree = "<group>";
		};
/* End PBXGroup section */

/* Begin PBXNativeTarget section */
		3953BF831B8DC29B00E39CC9 /* CrowdShelf */ = {
			isa = PBXNativeTarget;
			buildConfigurationList = 3953BFA31B8DC29B00E39CC9 /* Build configuration list for PBXNativeTarget "CrowdShelf" */;
			buildPhases = (
				C7A6E127F9B0DFF8F1CE2687 /* Check Pods Manifest.lock */,
				3953BF801B8DC29B00E39CC9 /* Sources */,
				3953BF811B8DC29B00E39CC9 /* Frameworks */,
				3953BF821B8DC29B00E39CC9 /* Resources */,
				2C52917988BAD81400CABC19 /* Embed Pods Frameworks */,
				BB0CD79B39FBCE7F8B8987D3 /* Copy Pods Resources */,
			);
			buildRules = (
			);
			dependencies = (
			);
			name = CrowdShelf;
			productName = CrowdShelf;
			productReference = 3953BF841B8DC29B00E39CC9 /* CrowdShelf.app */;
			productType = "com.apple.product-type.application";
		};
		3953BF981B8DC29B00E39CC9 /* CrowdShelfTests */ = {
			isa = PBXNativeTarget;
			buildConfigurationList = 3953BFA61B8DC29B00E39CC9 /* Build configuration list for PBXNativeTarget "CrowdShelfTests" */;
			buildPhases = (
				1C80EC739C22C3B80A9FA217 /* Check Pods Manifest.lock */,
				3953BF951B8DC29B00E39CC9 /* Sources */,
				3953BF961B8DC29B00E39CC9 /* Frameworks */,
				3953BF971B8DC29B00E39CC9 /* Resources */,
				4DE8F1A6D9989B5263D3F715 /* Embed Pods Frameworks */,
				FC297248CC06308D43263998 /* Copy Pods Resources */,
			);
			buildRules = (
			);
			dependencies = (
				3953BF9B1B8DC29B00E39CC9 /* PBXTargetDependency */,
			);
			name = CrowdShelfTests;
			productName = CrowdShelfTests;
			productReference = 3953BF991B8DC29B00E39CC9 /* CrowdShelfTests.xctest */;
			productType = "com.apple.product-type.bundle.unit-test";
		};
/* End PBXNativeTarget section */

/* Begin PBXProject section */
		3953BF7C1B8DC29B00E39CC9 /* Project object */ = {
			isa = PBXProject;
			attributes = {
				LastSwiftMigration = 0700;
				LastSwiftUpdateCheck = 0700;
				LastUpgradeCheck = 0700;
				ORGANIZATIONNAME = "Øyvind Grimnes";
				TargetAttributes = {
					3953BF831B8DC29B00E39CC9 = {
						CreatedOnToolsVersion = 6.4;
					};
					3953BF981B8DC29B00E39CC9 = {
						CreatedOnToolsVersion = 6.4;
						TestTargetID = 3953BF831B8DC29B00E39CC9;
					};
				};
			};
			buildConfigurationList = 3953BF7F1B8DC29B00E39CC9 /* Build configuration list for PBXProject "CrowdShelf" */;
			compatibilityVersion = "Xcode 3.2";
			developmentRegion = English;
			hasScannedForEncodings = 0;
			knownRegions = (
				en,
				Base,
			);
			mainGroup = 3953BF7B1B8DC29B00E39CC9;
			productRefGroup = 3953BF851B8DC29B00E39CC9 /* Products */;
			projectDirPath = "";
			projectRoot = "";
			targets = (
				3953BF831B8DC29B00E39CC9 /* CrowdShelf */,
				3953BF981B8DC29B00E39CC9 /* CrowdShelfTests */,
			);
		};
/* End PBXProject section */

/* Begin PBXResourcesBuildPhase section */
		3953BF821B8DC29B00E39CC9 /* Resources */ = {
			isa = PBXResourcesBuildPhase;
			buildActionMask = 2147483647;
			files = (
				39237AE11BE6DD9700EF1D13 /* LICENSE.txt in Resources */,
				3953BF8F1B8DC29B00E39CC9 /* Main.storyboard in Resources */,
				3953BF941B8DC29B00E39CC9 /* LaunchScreen.xib in Resources */,
				39152D7D1BD571E1004EC737 /* CollectableCell.xib in Resources */,
				3953BF911B8DC29B00E39CC9 /* Images.xcassets in Resources */,
				39152D821BD5A3B2004EC737 /* ListTableViewCell.xib in Resources */,
			);
			runOnlyForDeploymentPostprocessing = 0;
		};
		3953BF971B8DC29B00E39CC9 /* Resources */ = {
			isa = PBXResourcesBuildPhase;
			buildActionMask = 2147483647;
			files = (
			);
			runOnlyForDeploymentPostprocessing = 0;
		};
/* End PBXResourcesBuildPhase section */

/* Begin PBXShellScriptBuildPhase section */
		1C80EC739C22C3B80A9FA217 /* Check Pods Manifest.lock */ = {
			isa = PBXShellScriptBuildPhase;
			buildActionMask = 2147483647;
			files = (
			);
			inputPaths = (
			);
			name = "Check Pods Manifest.lock";
			outputPaths = (
			);
			runOnlyForDeploymentPostprocessing = 0;
			shellPath = /bin/sh;
			shellScript = "diff \"${PODS_ROOT}/../Podfile.lock\" \"${PODS_ROOT}/Manifest.lock\" > /dev/null\nif [[ $? != 0 ]] ; then\n    cat << EOM\nerror: The sandbox is not in sync with the Podfile.lock. Run 'pod install' or update your CocoaPods installation.\nEOM\n    exit 1\nfi\n";
			showEnvVarsInLog = 0;
		};
		2C52917988BAD81400CABC19 /* Embed Pods Frameworks */ = {
			isa = PBXShellScriptBuildPhase;
			buildActionMask = 2147483647;
			files = (
			);
			inputPaths = (
			);
			name = "Embed Pods Frameworks";
			outputPaths = (
			);
			runOnlyForDeploymentPostprocessing = 0;
			shellPath = /bin/sh;
			shellScript = "\"${SRCROOT}/Pods/Target Support Files/Pods-CrowdShelf/Pods-CrowdShelf-frameworks.sh\"\n";
			showEnvVarsInLog = 0;
		};
		4DE8F1A6D9989B5263D3F715 /* Embed Pods Frameworks */ = {
			isa = PBXShellScriptBuildPhase;
			buildActionMask = 2147483647;
			files = (
			);
			inputPaths = (
			);
			name = "Embed Pods Frameworks";
			outputPaths = (
			);
			runOnlyForDeploymentPostprocessing = 0;
			shellPath = /bin/sh;
			shellScript = "\"${SRCROOT}/Pods/Target Support Files/Pods-CrowdShelfTests/Pods-CrowdShelfTests-frameworks.sh\"\n";
			showEnvVarsInLog = 0;
		};
		BB0CD79B39FBCE7F8B8987D3 /* Copy Pods Resources */ = {
			isa = PBXShellScriptBuildPhase;
			buildActionMask = 2147483647;
			files = (
			);
			inputPaths = (
			);
			name = "Copy Pods Resources";
			outputPaths = (
			);
			runOnlyForDeploymentPostprocessing = 0;
			shellPath = /bin/sh;
			shellScript = "\"${SRCROOT}/Pods/Target Support Files/Pods-CrowdShelf/Pods-CrowdShelf-resources.sh\"\n";
			showEnvVarsInLog = 0;
		};
		C7A6E127F9B0DFF8F1CE2687 /* Check Pods Manifest.lock */ = {
			isa = PBXShellScriptBuildPhase;
			buildActionMask = 2147483647;
			files = (
			);
			inputPaths = (
			);
			name = "Check Pods Manifest.lock";
			outputPaths = (
			);
			runOnlyForDeploymentPostprocessing = 0;
			shellPath = /bin/sh;
			shellScript = "diff \"${PODS_ROOT}/../Podfile.lock\" \"${PODS_ROOT}/Manifest.lock\" > /dev/null\nif [[ $? != 0 ]] ; then\n    cat << EOM\nerror: The sandbox is not in sync with the Podfile.lock. Run 'pod install' or update your CocoaPods installation.\nEOM\n    exit 1\nfi\n";
			showEnvVarsInLog = 0;
		};
		FC297248CC06308D43263998 /* Copy Pods Resources */ = {
			isa = PBXShellScriptBuildPhase;
			buildActionMask = 2147483647;
			files = (
			);
			inputPaths = (
			);
			name = "Copy Pods Resources";
			outputPaths = (
			);
			runOnlyForDeploymentPostprocessing = 0;
			shellPath = /bin/sh;
			shellScript = "\"${SRCROOT}/Pods/Target Support Files/Pods-CrowdShelfTests/Pods-CrowdShelfTests-resources.sh\"\n";
			showEnvVarsInLog = 0;
		};
/* End PBXShellScriptBuildPhase section */

/* Begin PBXSourcesBuildPhase section */
		3953BF801B8DC29B00E39CC9 /* Sources */ = {
			isa = PBXSourcesBuildPhase;
			buildActionMask = 2147483647;
			files = (
				399EFDF61BB2E0C900FC0664 /* LoginViewController.swift in Sources */,
				39C2F5861B8F9AB800529AA9 /* BaseModel.swift in Sources */,
				39152D6F1BD51A24004EC737 /* AlternativeInfoImageView.swift in Sources */,
				39231D6A1BCE6E11007E02D7 /* ListTableViewCell.swift in Sources */,
				395AE1761BCD2C670090B74C /* CrowdsViewController.swift in Sources */,
				39A0CAFE1B958B0D00321225 /* SelectionViewController.swift in Sources */,
				3953BF8A1B8DC29B00E39CC9 /* AppDelegate.swift in Sources */,
				390F2C061BBE7B18003E21E7 /* DataHandler+Convenience.swift in Sources */,
				39237AE21BE6DD9700EF1D13 /* README.markdown in Sources */,
				392E42D31BBAF9DA0080CCBD /* CollectionViewController.swift in Sources */,
				39A655F21BD1199D0075CB81 /* ListViewController.swift in Sources */,
				39231D631BCE66C5007E02D7 /* CrowdBookCollectionViewController.swift in Sources */,
				09852CCB1BE3A06A008E4B0A /* ColorPalette.swift in Sources */,
				39CB7B9E1BB3501000718345 /* BaseViewController.swift in Sources */,
				3918BB951BE826C5004C74FE /* ObjectDatabase.swift in Sources */,
				395AE16F1BCD21380090B74C /* CollectionViewArrayDataSource.swift in Sources */,
				392E42DA1BBBE0AC0080CCBD /* ShelfTableViewCell.swift in Sources */,
				39152D731BD51E68004EC737 /* SearchBarDelegate.swift in Sources */,
				3912CCDC1BE0D29000E9B785 /* Button.swift in Sources */,
				39237AE71BE6DD9700EF1D13 /* FMResultSet.m in Sources */,
				39C2F58A1B8FA40D00529AA9 /* BookInformation.swift in Sources */,
				3978FE211BB32BF100DF742A /* BookInformationViewController.swift in Sources */,
				391B92471BCD8FCD0051A24B /* TableViewArrayDataSource.swift in Sources */,
				39152D7F1BD574DD004EC737 /* UITableView+ReuseCell.swift in Sources */,
				3980F2921BE8EFD30031E185 /* ExternalDatabaseHandler.swift in Sources */,
				39C2F5931B90527200529AA9 /* DataHandler.swift in Sources */,
				390B93011BE3956E006CF3EB /* TextFieldDelegate.swift in Sources */,
				395AE1721BCD25D50090B74C /* Shelf.swift in Sources */,
				3953BFAC1B8E230300E39CC9 /* KeyValueHandler.swift in Sources */,
				39152D7B1BD5342A004EC737 /* String+Initials.swift in Sources */,
				390EAF261BAA0D5000D0DCEB /* DataHandler+GoogleBooks.swift in Sources */,
				39BFDEFB1BAD4D5E0058C2CF /* Debug.swift in Sources */,
				39237AE41BE6DD9700EF1D13 /* FMDatabaseAdditions.m in Sources */,
				39C2F5881B8FA0CE00529AA9 /* User.swift in Sources */,
				39737EBD1BB56ED4001AA6C6 /* Utilities.swift in Sources */,
				390B92FF1BE382CE006CF3EB /* RegisterUserViewController.swift in Sources */,
				0948259B1BBAAFAB00662F32 /* Analytics.swift in Sources */,
				39152D711BD51D7D004EC737 /* MinimalTextField.swift in Sources */,
				39152D6B1BD508D8004EC737 /* TableViewSelectionDelegate.swift in Sources */,
				39C2F5AE1B906D8D00529AA9 /* BookViewController.swift in Sources */,
				39C2F5B51B90A40A00529AA9 /* ShelfViewController.swift in Sources */,
				392E42CD1BBADBAA0080CCBD /* ActivityIndicatorView.swift in Sources */,
				39237AE31BE6DD9700EF1D13 /* FMDatabase.m in Sources */,
				392E42D01BBAE8D20080CCBD /* MessagePopupView.swift in Sources */,
				392169181BB083E70029A6C8 /* SerializableObject.swift in Sources */,
				39986DA41BDE574A00616DFB /* SearchViewController.swift in Sources */,
				39548E721BD64B1B00C49E3A /* ListTableViewCell+Button.swift in Sources */,
				395EDD251B8F56BC0012A465 /* Crowd.swift in Sources */,
				39C2F5B31B90A2EE00529AA9 /* CollectableCell.swift in Sources */,
				39237AE61BE6DD9700EF1D13 /* FMDatabaseQueue.m in Sources */,
				39152D6D1BD512FB004EC737 /* CrowdViewController.swift in Sources */,
				39BFDEF41BACBA310058C2CF /* Environment.swift in Sources */,
				399DABFB1BE6D62B0080F4E5 /* LocalDatabaseHandler.swift in Sources */,
				395EDD231B8F55AE0012A465 /* Book.swift in Sources */,
				392E42D61BBB2DCB0080CCBD /* BookCollectionViewController.swift in Sources */,
				39237AE51BE6DD9700EF1D13 /* FMDatabasePool.m in Sources */,
				395EDD201B8F09C00012A465 /* ScannerViewController.swift in Sources */,
				399DABF91BE6B62D0080F4E5 /* AlertView.swift in Sources */,
			);
			runOnlyForDeploymentPostprocessing = 0;
		};
		3953BF951B8DC29B00E39CC9 /* Sources */ = {
			isa = PBXSourcesBuildPhase;
			buildActionMask = 2147483647;
			files = (
				395EDD1C1B8E61150012A465 /* LocalDataHandlerTest.swift in Sources */,
				3953BFA01B8DC29B00E39CC9 /* CrowdShelfTests.swift in Sources */,
				39BFDEF51BACBBB50058C2CF /* Environment.swift in Sources */,
				39BFDEFC1BAD4EE30058C2CF /* Debug.swift in Sources */,
			);
			runOnlyForDeploymentPostprocessing = 0;
		};
/* End PBXSourcesBuildPhase section */

/* Begin PBXTargetDependency section */
		3953BF9B1B8DC29B00E39CC9 /* PBXTargetDependency */ = {
			isa = PBXTargetDependency;
			target = 3953BF831B8DC29B00E39CC9 /* CrowdShelf */;
			targetProxy = 3953BF9A1B8DC29B00E39CC9 /* PBXContainerItemProxy */;
		};
/* End PBXTargetDependency section */

/* Begin PBXVariantGroup section */
		3953BF8D1B8DC29B00E39CC9 /* Main.storyboard */ = {
			isa = PBXVariantGroup;
			children = (
				3953BF8E1B8DC29B00E39CC9 /* Base */,
			);
			name = Main.storyboard;
			sourceTree = "<group>";
		};
		3953BF921B8DC29B00E39CC9 /* LaunchScreen.xib */ = {
			isa = PBXVariantGroup;
			children = (
				3953BF931B8DC29B00E39CC9 /* Base */,
			);
			name = LaunchScreen.xib;
			sourceTree = "<group>";
		};
/* End PBXVariantGroup section */

/* Begin XCBuildConfiguration section */
		3953BFA11B8DC29B00E39CC9 /* Debug */ = {
			isa = XCBuildConfiguration;
			buildSettings = {
				ALWAYS_SEARCH_USER_PATHS = NO;
				CLANG_CXX_LANGUAGE_STANDARD = "gnu++0x";
				CLANG_CXX_LIBRARY = "libc++";
				CLANG_ENABLE_MODULES = YES;
				CLANG_ENABLE_OBJC_ARC = YES;
				CLANG_WARN_BOOL_CONVERSION = YES;
				CLANG_WARN_CONSTANT_CONVERSION = YES;
				CLANG_WARN_DIRECT_OBJC_ISA_USAGE = YES_ERROR;
				CLANG_WARN_EMPTY_BODY = YES;
				CLANG_WARN_ENUM_CONVERSION = YES;
				CLANG_WARN_INT_CONVERSION = YES;
				CLANG_WARN_NULLABLE_TO_NONNULL_CONVERSION = YES;
				CLANG_WARN_OBJC_ROOT_CLASS = YES_ERROR;
				CLANG_WARN_UNREACHABLE_CODE = YES;
				CLANG_WARN__DUPLICATE_METHOD_MATCH = YES;
				"CODE_SIGN_IDENTITY[sdk=iphoneos*]" = "iPhone Developer";
				COPY_PHASE_STRIP = NO;
				DEBUG_INFORMATION_FORMAT = "dwarf-with-dsym";
				ENABLE_STRICT_OBJC_MSGSEND = YES;
				ENABLE_TESTABILITY = YES;
				GCC_C_LANGUAGE_STANDARD = gnu99;
				GCC_DYNAMIC_NO_PIC = NO;
				GCC_NO_COMMON_BLOCKS = YES;
				GCC_OPTIMIZATION_LEVEL = 0;
				GCC_PREPROCESSOR_DEFINITIONS = (
					"DEBUG=1",
					"$(inherited)",
				);
				GCC_SYMBOLS_PRIVATE_EXTERN = NO;
				GCC_WARN_64_TO_32_BIT_CONVERSION = YES;
				GCC_WARN_ABOUT_RETURN_TYPE = YES_ERROR;
				GCC_WARN_UNDECLARED_SELECTOR = YES;
				GCC_WARN_UNINITIALIZED_AUTOS = YES_AGGRESSIVE;
				GCC_WARN_UNKNOWN_PRAGMAS = YES;
				GCC_WARN_UNUSED_FUNCTION = YES;
				GCC_WARN_UNUSED_VARIABLE = YES;
				IPHONEOS_DEPLOYMENT_TARGET = 8.0;
				MTL_ENABLE_DEBUG_INFO = YES;
				ONLY_ACTIVE_ARCH = YES;
				SDKROOT = iphoneos;
				SWIFT_OPTIMIZATION_LEVEL = "-Onone";
			};
			name = Debug;
		};
		3953BFA21B8DC29B00E39CC9 /* Release */ = {
			isa = XCBuildConfiguration;
			buildSettings = {
				ALWAYS_SEARCH_USER_PATHS = NO;
				CLANG_CXX_LANGUAGE_STANDARD = "gnu++0x";
				CLANG_CXX_LIBRARY = "libc++";
				CLANG_ENABLE_MODULES = YES;
				CLANG_ENABLE_OBJC_ARC = YES;
				CLANG_WARN_BOOL_CONVERSION = YES;
				CLANG_WARN_CONSTANT_CONVERSION = YES;
				CLANG_WARN_DIRECT_OBJC_ISA_USAGE = YES_ERROR;
				CLANG_WARN_EMPTY_BODY = YES;
				CLANG_WARN_ENUM_CONVERSION = YES;
				CLANG_WARN_INT_CONVERSION = YES;
				CLANG_WARN_NULLABLE_TO_NONNULL_CONVERSION = YES;
				CLANG_WARN_OBJC_ROOT_CLASS = YES_ERROR;
				CLANG_WARN_UNREACHABLE_CODE = YES;
				CLANG_WARN__DUPLICATE_METHOD_MATCH = YES;
				"CODE_SIGN_IDENTITY[sdk=iphoneos*]" = "iPhone Developer";
				COPY_PHASE_STRIP = NO;
				DEBUG_INFORMATION_FORMAT = "dwarf-with-dsym";
				ENABLE_NS_ASSERTIONS = NO;
				ENABLE_STRICT_OBJC_MSGSEND = YES;
				GCC_C_LANGUAGE_STANDARD = gnu99;
				GCC_NO_COMMON_BLOCKS = YES;
				GCC_WARN_64_TO_32_BIT_CONVERSION = YES;
				GCC_WARN_ABOUT_RETURN_TYPE = YES_ERROR;
				GCC_WARN_UNDECLARED_SELECTOR = YES;
				GCC_WARN_UNINITIALIZED_AUTOS = YES_AGGRESSIVE;
				GCC_WARN_UNKNOWN_PRAGMAS = YES;
				GCC_WARN_UNUSED_FUNCTION = YES;
				GCC_WARN_UNUSED_VARIABLE = YES;
				IPHONEOS_DEPLOYMENT_TARGET = 8.0;
				MTL_ENABLE_DEBUG_INFO = NO;
				SDKROOT = iphoneos;
				VALIDATE_PRODUCT = YES;
			};
			name = Release;
		};
		3953BFA41B8DC29B00E39CC9 /* Debug */ = {
			isa = XCBuildConfiguration;
			baseConfigurationReference = 5EF38354A71D07FCA0B824FA /* Pods-CrowdShelf.debug.xcconfig */;
			buildSettings = {
				ASSETCATALOG_COMPILER_APPICON_NAME = AppIcon;
				CODE_SIGN_IDENTITY = "iPhone Developer";
				"CODE_SIGN_IDENTITY[sdk=iphoneos*]" = "iPhone Developer";
				INFOPLIST_FILE = CrowdShelf/Info.plist;
				LD_RUNPATH_SEARCH_PATHS = "$(inherited) @executable_path/Frameworks";
				LIBRARY_SEARCH_PATHS = (
					"$(inherited)",
					"$(SDKROOT)/usr/lib/system",
				);
				PRODUCT_BUNDLE_IDENTIFIER = com.skaptronderen.crowdshelf;
				PRODUCT_NAME = "$(TARGET_NAME)";
				PROVISIONING_PROFILE = "";
				SWIFT_OBJC_BRIDGING_HEADER = CrowdShelf/Bridge.h;
			};
			name = Debug;
		};
		3953BFA51B8DC29B00E39CC9 /* Release */ = {
			isa = XCBuildConfiguration;
			baseConfigurationReference = AF0407937098AC2B7966D57B /* Pods-CrowdShelf.release.xcconfig */;
			buildSettings = {
				ASSETCATALOG_COMPILER_APPICON_NAME = AppIcon;
				CODE_SIGN_IDENTITY = "iPhone Developer";
				"CODE_SIGN_IDENTITY[sdk=iphoneos*]" = "iPhone Developer";
				INFOPLIST_FILE = CrowdShelf/Info.plist;
				LD_RUNPATH_SEARCH_PATHS = "$(inherited) @executable_path/Frameworks";
				LIBRARY_SEARCH_PATHS = (
					"$(inherited)",
					"$(SDKROOT)/usr/lib/system",
				);
				PRODUCT_BUNDLE_IDENTIFIER = com.skaptronderen.crowdshelf;
				PRODUCT_NAME = "$(TARGET_NAME)";
				PROVISIONING_PROFILE = "";
				SWIFT_OBJC_BRIDGING_HEADER = CrowdShelf/Bridge.h;
			};
			name = Release;
		};
		3953BFA71B8DC29B00E39CC9 /* Debug */ = {
			isa = XCBuildConfiguration;
			baseConfigurationReference = 6812931536828829CEA56163 /* Pods-CrowdShelfTests.debug.xcconfig */;
			buildSettings = {
				BUNDLE_LOADER = "$(TEST_HOST)";
				FRAMEWORK_SEARCH_PATHS = (
					"$(SDKROOT)/Developer/Library/Frameworks",
					"$(inherited)",
				);
				GCC_PREPROCESSOR_DEFINITIONS = (
					"DEBUG=1",
					"$(inherited)",
				);
				INFOPLIST_FILE = CrowdShelfTests/Info.plist;
				LD_RUNPATH_SEARCH_PATHS = "$(inherited) @executable_path/Frameworks @loader_path/Frameworks";
				PRODUCT_BUNDLE_IDENTIFIER = "com.skaptronderen.$(PRODUCT_NAME:rfc1034identifier)";
				PRODUCT_NAME = "$(TARGET_NAME)";
				TEST_HOST = "$(BUILT_PRODUCTS_DIR)/CrowdShelf.app/CrowdShelf";
			};
			name = Debug;
		};
		3953BFA81B8DC29B00E39CC9 /* Release */ = {
			isa = XCBuildConfiguration;
			baseConfigurationReference = B067EF483BF5D5373E81757E /* Pods-CrowdShelfTests.release.xcconfig */;
			buildSettings = {
				BUNDLE_LOADER = "$(TEST_HOST)";
				FRAMEWORK_SEARCH_PATHS = (
					"$(SDKROOT)/Developer/Library/Frameworks",
					"$(inherited)",
				);
				INFOPLIST_FILE = CrowdShelfTests/Info.plist;
				LD_RUNPATH_SEARCH_PATHS = "$(inherited) @executable_path/Frameworks @loader_path/Frameworks";
				PRODUCT_BUNDLE_IDENTIFIER = "com.skaptronderen.$(PRODUCT_NAME:rfc1034identifier)";
				PRODUCT_NAME = "$(TARGET_NAME)";
				TEST_HOST = "$(BUILT_PRODUCTS_DIR)/CrowdShelf.app/CrowdShelf";
			};
			name = Release;
		};
/* End XCBuildConfiguration section */

/* Begin XCConfigurationList section */
		3953BF7F1B8DC29B00E39CC9 /* Build configuration list for PBXProject "CrowdShelf" */ = {
			isa = XCConfigurationList;
			buildConfigurations = (
				3953BFA11B8DC29B00E39CC9 /* Debug */,
				3953BFA21B8DC29B00E39CC9 /* Release */,
			);
			defaultConfigurationIsVisible = 0;
			defaultConfigurationName = Release;
		};
		3953BFA31B8DC29B00E39CC9 /* Build configuration list for PBXNativeTarget "CrowdShelf" */ = {
			isa = XCConfigurationList;
			buildConfigurations = (
				3953BFA41B8DC29B00E39CC9 /* Debug */,
				3953BFA51B8DC29B00E39CC9 /* Release */,
			);
			defaultConfigurationIsVisible = 0;
			defaultConfigurationName = Release;
		};
		3953BFA61B8DC29B00E39CC9 /* Build configuration list for PBXNativeTarget "CrowdShelfTests" */ = {
			isa = XCConfigurationList;
			buildConfigurations = (
				3953BFA71B8DC29B00E39CC9 /* Debug */,
				3953BFA81B8DC29B00E39CC9 /* Release */,
			);
			defaultConfigurationIsVisible = 0;
			defaultConfigurationName = Release;
		};
/* End XCConfigurationList section */
	};
	rootObject = 3953BF7C1B8DC29B00E39CC9 /* Project object */;
}
