// !$*UTF8*$!
{
	archiveVersion = 1;
	classes = {
	};
	objectVersion = 46;
	objects = {

/* Begin PBXBuildFile section */
		390EAF261BAA0D5000D0DCEB /* CSDataHandler+GoogleBooks.swift in Sources */ = {isa = PBXBuildFile; fileRef = 390EAF251BAA0D5000D0DCEB /* CSDataHandler+GoogleBooks.swift */; };
		390EAF271BAA0EEA00D0DCEB /* CSDataHandler+GoogleBooks.swift in Sources */ = {isa = PBXBuildFile; fileRef = 390EAF251BAA0D5000D0DCEB /* CSDataHandler+GoogleBooks.swift */; };
		39153A511B970F1E00D34293 /* CSTextView.swift in Sources */ = {isa = PBXBuildFile; fileRef = 39153A501B970F1E00D34293 /* CSTextView.swift */; };
		39153A521B970F1E00D34293 /* CSTextView.swift in Sources */ = {isa = PBXBuildFile; fileRef = 39153A501B970F1E00D34293 /* CSTextView.swift */; };
		39153A571B9778B200D34293 /* CSShelfViewController.swift in Sources */ = {isa = PBXBuildFile; fileRef = 39C2F5B41B90A40A00529AA9 /* CSShelfViewController.swift */; };
		39153A5A1B9778BD00D34293 /* AppDelegate.swift in Sources */ = {isa = PBXBuildFile; fileRef = 3953BF891B8DC29B00E39CC9 /* AppDelegate.swift */; };
		39153A5B1B9778C900D34293 /* CSBookCollectionViewCell.swift in Sources */ = {isa = PBXBuildFile; fileRef = 39C2F5B21B90A2EE00529AA9 /* CSBookCollectionViewCell.swift */; };
		392169151BAF702A0029A6C8 /* RLMWrapper.swift in Sources */ = {isa = PBXBuildFile; fileRef = 392169141BAF702A0029A6C8 /* RLMWrapper.swift */; settings = {ASSET_TAGS = (); }; };
		392169161BAF70410029A6C8 /* RLMWrapper.swift in Sources */ = {isa = PBXBuildFile; fileRef = 392169141BAF702A0029A6C8 /* RLMWrapper.swift */; settings = {ASSET_TAGS = (); }; };
		392169181BB083E70029A6C8 /* SerializableObject.swift in Sources */ = {isa = PBXBuildFile; fileRef = 392169171BB083E70029A6C8 /* SerializableObject.swift */; settings = {ASSET_TAGS = (); }; };
		392169191BB084210029A6C8 /* SerializableObject.swift in Sources */ = {isa = PBXBuildFile; fileRef = 392169171BB083E70029A6C8 /* SerializableObject.swift */; settings = {ASSET_TAGS = (); }; };
		3953BF8A1B8DC29B00E39CC9 /* AppDelegate.swift in Sources */ = {isa = PBXBuildFile; fileRef = 3953BF891B8DC29B00E39CC9 /* AppDelegate.swift */; };
		3953BF8F1B8DC29B00E39CC9 /* Main.storyboard in Resources */ = {isa = PBXBuildFile; fileRef = 3953BF8D1B8DC29B00E39CC9 /* Main.storyboard */; };
		3953BF911B8DC29B00E39CC9 /* Images.xcassets in Resources */ = {isa = PBXBuildFile; fileRef = 3953BF901B8DC29B00E39CC9 /* Images.xcassets */; };
		3953BF941B8DC29B00E39CC9 /* LaunchScreen.xib in Resources */ = {isa = PBXBuildFile; fileRef = 3953BF921B8DC29B00E39CC9 /* LaunchScreen.xib */; };
		3953BFA01B8DC29B00E39CC9 /* CrowdShelfTests.swift in Sources */ = {isa = PBXBuildFile; fileRef = 3953BF9F1B8DC29B00E39CC9 /* CrowdShelfTests.swift */; };
		3953BFAC1B8E230300E39CC9 /* CSLocalDataHandler.swift in Sources */ = {isa = PBXBuildFile; fileRef = 3953BFAB1B8E230300E39CC9 /* CSLocalDataHandler.swift */; };
		395EDD1C1B8E61150012A465 /* LocalDataHandlerTest.swift in Sources */ = {isa = PBXBuildFile; fileRef = 395EDD1B1B8E61150012A465 /* LocalDataHandlerTest.swift */; };
		395EDD1E1B8E61DE0012A465 /* CSLocalDataHandler.swift in Sources */ = {isa = PBXBuildFile; fileRef = 3953BFAB1B8E230300E39CC9 /* CSLocalDataHandler.swift */; };
		395EDD201B8F09C00012A465 /* CSScannerViewController.swift in Sources */ = {isa = PBXBuildFile; fileRef = 395EDD1F1B8F09C00012A465 /* CSScannerViewController.swift */; };
		395EDD231B8F55AE0012A465 /* CSBook.swift in Sources */ = {isa = PBXBuildFile; fileRef = 395EDD221B8F55AE0012A465 /* CSBook.swift */; };
		395EDD251B8F56BC0012A465 /* CSCrowd.swift in Sources */ = {isa = PBXBuildFile; fileRef = 395EDD241B8F56BC0012A465 /* CSCrowd.swift */; };
		3978FE211BB32BF100DF742A /* CSBookInformationViewController.swift in Sources */ = {isa = PBXBuildFile; fileRef = 3978FE201BB32BF100DF742A /* CSBookInformationViewController.swift */; settings = {ASSET_TAGS = (); }; };
		3978FE221BB32BF100DF742A /* CSBookInformationViewController.swift in Sources */ = {isa = PBXBuildFile; fileRef = 3978FE201BB32BF100DF742A /* CSBookInformationViewController.swift */; settings = {ASSET_TAGS = (); }; };
		399EFDF61BB2E0C900FC0664 /* CSLoginViewController.swift in Sources */ = {isa = PBXBuildFile; fileRef = 399EFDF51BB2E0C900FC0664 /* CSLoginViewController.swift */; settings = {ASSET_TAGS = (); }; };
		399EFDF71BB2E0E000FC0664 /* CSLoginViewController.swift in Sources */ = {isa = PBXBuildFile; fileRef = 399EFDF51BB2E0C900FC0664 /* CSLoginViewController.swift */; settings = {ASSET_TAGS = (); }; };
		39A0CAFE1B958B0D00321225 /* CSListViewController.swift in Sources */ = {isa = PBXBuildFile; fileRef = 39A0CAFD1B958B0D00321225 /* CSListViewController.swift */; };
		39A0CB011B958DFC00321225 /* CSListViewController.swift in Sources */ = {isa = PBXBuildFile; fileRef = 39A0CAFD1B958B0D00321225 /* CSListViewController.swift */; };
		39BFDEF41BACBA310058C2CF /* Environment.swift in Sources */ = {isa = PBXBuildFile; fileRef = 39BFDEF31BACBA310058C2CF /* Environment.swift */; settings = {ASSET_TAGS = (); }; };
		39BFDEF51BACBBB50058C2CF /* Environment.swift in Sources */ = {isa = PBXBuildFile; fileRef = 39BFDEF31BACBA310058C2CF /* Environment.swift */; settings = {ASSET_TAGS = (); }; };
		39BFDEFB1BAD4D5E0058C2CF /* Debug.swift in Sources */ = {isa = PBXBuildFile; fileRef = 39BFDEFA1BAD4D5E0058C2CF /* Debug.swift */; settings = {ASSET_TAGS = (); }; };
		39BFDEFC1BAD4EE30058C2CF /* Debug.swift in Sources */ = {isa = PBXBuildFile; fileRef = 39BFDEFA1BAD4D5E0058C2CF /* Debug.swift */; settings = {ASSET_TAGS = (); }; };
		39C2F5861B8F9AB800529AA9 /* CSBaseModel.swift in Sources */ = {isa = PBXBuildFile; fileRef = 39C2F5851B8F9AB800529AA9 /* CSBaseModel.swift */; };
		39C2F5881B8FA0CE00529AA9 /* CSUser.swift in Sources */ = {isa = PBXBuildFile; fileRef = 39C2F5871B8FA0CE00529AA9 /* CSUser.swift */; };
		39C2F58A1B8FA40D00529AA9 /* CSBookInformation.swift in Sources */ = {isa = PBXBuildFile; fileRef = 39C2F5891B8FA40D00529AA9 /* CSBookInformation.swift */; };
		39C2F5931B90527200529AA9 /* CSDataHandler.swift in Sources */ = {isa = PBXBuildFile; fileRef = 39C2F5921B90527200529AA9 /* CSDataHandler.swift */; };
		39C2F5A61B906D4300529AA9 /* CSBook.swift in Sources */ = {isa = PBXBuildFile; fileRef = 395EDD221B8F55AE0012A465 /* CSBook.swift */; };
		39C2F5A71B906D4300529AA9 /* CSCrowd.swift in Sources */ = {isa = PBXBuildFile; fileRef = 395EDD241B8F56BC0012A465 /* CSCrowd.swift */; };
		39C2F5A81B906D4300529AA9 /* CSBaseModel.swift in Sources */ = {isa = PBXBuildFile; fileRef = 39C2F5851B8F9AB800529AA9 /* CSBaseModel.swift */; };
		39C2F5A91B906D4300529AA9 /* CSUser.swift in Sources */ = {isa = PBXBuildFile; fileRef = 39C2F5871B8FA0CE00529AA9 /* CSUser.swift */; };
		39C2F5AA1B906D4300529AA9 /* CSBookInformation.swift in Sources */ = {isa = PBXBuildFile; fileRef = 39C2F5891B8FA40D00529AA9 /* CSBookInformation.swift */; };
		39C2F5AB1B906D5600529AA9 /* CSDataHandler.swift in Sources */ = {isa = PBXBuildFile; fileRef = 39C2F5921B90527200529AA9 /* CSDataHandler.swift */; };
		39C2F5AC1B906D5A00529AA9 /* CSScannerViewController.swift in Sources */ = {isa = PBXBuildFile; fileRef = 395EDD1F1B8F09C00012A465 /* CSScannerViewController.swift */; };
		39C2F5AE1B906D8D00529AA9 /* CSBookViewController.swift in Sources */ = {isa = PBXBuildFile; fileRef = 39C2F5AD1B906D8D00529AA9 /* CSBookViewController.swift */; };
		39C2F5B01B907EC000529AA9 /* CSBookViewController.swift in Sources */ = {isa = PBXBuildFile; fileRef = 39C2F5AD1B906D8D00529AA9 /* CSBookViewController.swift */; };
		39C2F5B31B90A2EE00529AA9 /* CSBookCollectionViewCell.swift in Sources */ = {isa = PBXBuildFile; fileRef = 39C2F5B21B90A2EE00529AA9 /* CSBookCollectionViewCell.swift */; };
		39C2F5B51B90A40A00529AA9 /* CSShelfViewController.swift in Sources */ = {isa = PBXBuildFile; fileRef = 39C2F5B41B90A40A00529AA9 /* CSShelfViewController.swift */; };
		39CB7B9E1BB3501000718345 /* CSBaseViewController.swift in Sources */ = {isa = PBXBuildFile; fileRef = 39CB7B9D1BB3501000718345 /* CSBaseViewController.swift */; settings = {ASSET_TAGS = (); }; };
		39CB7B9F1BB3501000718345 /* CSBaseViewController.swift in Sources */ = {isa = PBXBuildFile; fileRef = 39CB7B9D1BB3501000718345 /* CSBaseViewController.swift */; settings = {ASSET_TAGS = (); }; };
		6DCE9198D2EC7E8A42408369 /* Pods_CrowdShelfTests.framework in Frameworks */ = {isa = PBXBuildFile; fileRef = 040035D2D8DB30B6C01FB456 /* Pods_CrowdShelfTests.framework */; settings = {ATTRIBUTES = (Weak, ); }; };
		8AD4FCD156A21D9974A66A36 /* Pods.framework in Frameworks */ = {isa = PBXBuildFile; fileRef = 41DD76C7589353231F11064D /* Pods.framework */; settings = {ATTRIBUTES = (Weak, ); }; };
		A149270F8A04A6868E57F987 /* Pods_CrowdShelf.framework in Frameworks */ = {isa = PBXBuildFile; fileRef = 625F08271588B857F0011AFA /* Pods_CrowdShelf.framework */; settings = {ATTRIBUTES = (Weak, ); }; };
/* End PBXBuildFile section */

/* Begin PBXContainerItemProxy section */
		3953BF9A1B8DC29B00E39CC9 /* PBXContainerItemProxy */ = {
			isa = PBXContainerItemProxy;
			containerPortal = 3953BF7C1B8DC29B00E39CC9 /* Project object */;
			proxyType = 1;
			remoteGlobalIDString = 3953BF831B8DC29B00E39CC9;
			remoteInfo = CrowdShelf;
		};
/* End PBXContainerItemProxy section */

/* Begin PBXFileReference section */
		040035D2D8DB30B6C01FB456 /* Pods_CrowdShelfTests.framework */ = {isa = PBXFileReference; explicitFileType = wrapper.framework; includeInIndex = 0; path = Pods_CrowdShelfTests.framework; sourceTree = BUILT_PRODUCTS_DIR; };
		0BDAE150A5E39A8004D0A2E5 /* Pods.debug.xcconfig */ = {isa = PBXFileReference; includeInIndex = 1; lastKnownFileType = text.xcconfig; name = Pods.debug.xcconfig; path = "Pods/Target Support Files/Pods/Pods.debug.xcconfig"; sourceTree = "<group>"; };
		2EA5EDF65AC65EB80D5647A1 /* Pods-CrowdShelfTests.debug.xcconfig */ = {isa = PBXFileReference; includeInIndex = 1; lastKnownFileType = text.xcconfig; name = "Pods-CrowdShelfTests.debug.xcconfig"; path = "Pods/Target Support Files/Pods-CrowdShelfTests/Pods-CrowdShelfTests.debug.xcconfig"; sourceTree = "<group>"; };
		390EAF251BAA0D5000D0DCEB /* CSDataHandler+GoogleBooks.swift */ = {isa = PBXFileReference; fileEncoding = 4; lastKnownFileType = sourcecode.swift; name = "CSDataHandler+GoogleBooks.swift"; path = "Handlers/CSDataHandler+GoogleBooks.swift"; sourceTree = "<group>"; };
		39153A501B970F1E00D34293 /* CSTextView.swift */ = {isa = PBXFileReference; fileEncoding = 4; lastKnownFileType = sourcecode.swift; name = CSTextView.swift; path = Views/CSTextView.swift; sourceTree = "<group>"; };
		392169141BAF702A0029A6C8 /* RLMWrapper.swift */ = {isa = PBXFileReference; fileEncoding = 4; lastKnownFileType = sourcecode.swift; name = RLMWrapper.swift; path = Models/RLMWrapper.swift; sourceTree = "<group>"; };
		392169171BB083E70029A6C8 /* SerializableObject.swift */ = {isa = PBXFileReference; fileEncoding = 4; lastKnownFileType = sourcecode.swift; name = SerializableObject.swift; path = Models/SerializableObject.swift; sourceTree = "<group>"; };
		3953BF841B8DC29B00E39CC9 /* CrowdShelf.app */ = {isa = PBXFileReference; explicitFileType = wrapper.application; includeInIndex = 0; path = CrowdShelf.app; sourceTree = BUILT_PRODUCTS_DIR; };
		3953BF881B8DC29B00E39CC9 /* Info.plist */ = {isa = PBXFileReference; lastKnownFileType = text.plist.xml; path = Info.plist; sourceTree = "<group>"; };
		3953BF891B8DC29B00E39CC9 /* AppDelegate.swift */ = {isa = PBXFileReference; lastKnownFileType = sourcecode.swift; path = AppDelegate.swift; sourceTree = "<group>"; };
		3953BF8E1B8DC29B00E39CC9 /* Base */ = {isa = PBXFileReference; lastKnownFileType = file.storyboard; name = Base; path = Base.lproj/Main.storyboard; sourceTree = "<group>"; };
		3953BF901B8DC29B00E39CC9 /* Images.xcassets */ = {isa = PBXFileReference; lastKnownFileType = folder.assetcatalog; path = Images.xcassets; sourceTree = "<group>"; };
		3953BF931B8DC29B00E39CC9 /* Base */ = {isa = PBXFileReference; lastKnownFileType = file.xib; name = Base; path = Base.lproj/LaunchScreen.xib; sourceTree = "<group>"; };
		3953BF991B8DC29B00E39CC9 /* CrowdShelfTests.xctest */ = {isa = PBXFileReference; explicitFileType = wrapper.cfbundle; includeInIndex = 0; path = CrowdShelfTests.xctest; sourceTree = BUILT_PRODUCTS_DIR; };
		3953BF9E1B8DC29B00E39CC9 /* Info.plist */ = {isa = PBXFileReference; lastKnownFileType = text.plist.xml; path = Info.plist; sourceTree = "<group>"; };
		3953BF9F1B8DC29B00E39CC9 /* CrowdShelfTests.swift */ = {isa = PBXFileReference; lastKnownFileType = sourcecode.swift; path = CrowdShelfTests.swift; sourceTree = "<group>"; };
		3953BFAB1B8E230300E39CC9 /* CSLocalDataHandler.swift */ = {isa = PBXFileReference; fileEncoding = 4; lastKnownFileType = sourcecode.swift; name = CSLocalDataHandler.swift; path = Handlers/CSLocalDataHandler.swift; sourceTree = "<group>"; };
		395EDD1B1B8E61150012A465 /* LocalDataHandlerTest.swift */ = {isa = PBXFileReference; fileEncoding = 4; lastKnownFileType = sourcecode.swift; name = LocalDataHandlerTest.swift; path = Handlers/LocalDataHandlerTest.swift; sourceTree = "<group>"; };
		395EDD1F1B8F09C00012A465 /* CSScannerViewController.swift */ = {isa = PBXFileReference; fileEncoding = 4; lastKnownFileType = sourcecode.swift; name = CSScannerViewController.swift; path = ViewControllers/CSScannerViewController.swift; sourceTree = "<group>"; };
		395EDD221B8F55AE0012A465 /* CSBook.swift */ = {isa = PBXFileReference; fileEncoding = 4; lastKnownFileType = sourcecode.swift; name = CSBook.swift; path = Models/CSBook.swift; sourceTree = "<group>"; };
		395EDD241B8F56BC0012A465 /* CSCrowd.swift */ = {isa = PBXFileReference; fileEncoding = 4; lastKnownFileType = sourcecode.swift; name = CSCrowd.swift; path = Models/CSCrowd.swift; sourceTree = "<group>"; };
		3978FE201BB32BF100DF742A /* CSBookInformationViewController.swift */ = {isa = PBXFileReference; fileEncoding = 4; lastKnownFileType = sourcecode.swift; name = CSBookInformationViewController.swift; path = ViewControllers/CSBookInformationViewController.swift; sourceTree = "<group>"; };
		399EFDF51BB2E0C900FC0664 /* CSLoginViewController.swift */ = {isa = PBXFileReference; fileEncoding = 4; lastKnownFileType = sourcecode.swift; name = CSLoginViewController.swift; path = ViewControllers/CSLoginViewController.swift; sourceTree = "<group>"; };
		39A0CAFD1B958B0D00321225 /* CSListViewController.swift */ = {isa = PBXFileReference; fileEncoding = 4; lastKnownFileType = sourcecode.swift; name = CSListViewController.swift; path = ViewControllers/CSListViewController.swift; sourceTree = "<group>"; };
		39BFDEF31BACBA310058C2CF /* Environment.swift */ = {isa = PBXFileReference; fileEncoding = 4; lastKnownFileType = sourcecode.swift; path = Environment.swift; sourceTree = "<group>"; };
		39BFDEFA1BAD4D5E0058C2CF /* Debug.swift */ = {isa = PBXFileReference; fileEncoding = 4; lastKnownFileType = sourcecode.swift; path = Debug.swift; sourceTree = "<group>"; };
		39C2F5851B8F9AB800529AA9 /* CSBaseModel.swift */ = {isa = PBXFileReference; fileEncoding = 4; lastKnownFileType = sourcecode.swift; name = CSBaseModel.swift; path = Models/CSBaseModel.swift; sourceTree = "<group>"; };
		39C2F5871B8FA0CE00529AA9 /* CSUser.swift */ = {isa = PBXFileReference; fileEncoding = 4; lastKnownFileType = sourcecode.swift; name = CSUser.swift; path = Models/CSUser.swift; sourceTree = "<group>"; };
		39C2F5891B8FA40D00529AA9 /* CSBookInformation.swift */ = {isa = PBXFileReference; fileEncoding = 4; lastKnownFileType = sourcecode.swift; name = CSBookInformation.swift; path = Models/CSBookInformation.swift; sourceTree = "<group>"; };
		39C2F5921B90527200529AA9 /* CSDataHandler.swift */ = {isa = PBXFileReference; fileEncoding = 4; lastKnownFileType = sourcecode.swift; name = CSDataHandler.swift; path = Handlers/CSDataHandler.swift; sourceTree = "<group>"; };
		39C2F5AD1B906D8D00529AA9 /* CSBookViewController.swift */ = {isa = PBXFileReference; fileEncoding = 4; lastKnownFileType = sourcecode.swift; name = CSBookViewController.swift; path = ViewControllers/CSBookViewController.swift; sourceTree = "<group>"; };
		39C2F5B21B90A2EE00529AA9 /* CSBookCollectionViewCell.swift */ = {isa = PBXFileReference; fileEncoding = 4; lastKnownFileType = sourcecode.swift; name = CSBookCollectionViewCell.swift; path = CollectionViewCell/CSBookCollectionViewCell.swift; sourceTree = "<group>"; };
		39C2F5B41B90A40A00529AA9 /* CSShelfViewController.swift */ = {isa = PBXFileReference; fileEncoding = 4; lastKnownFileType = sourcecode.swift; name = CSShelfViewController.swift; path = ViewControllers/CSShelfViewController.swift; sourceTree = "<group>"; };
		39CB7B9D1BB3501000718345 /* CSBaseViewController.swift */ = {isa = PBXFileReference; fileEncoding = 4; lastKnownFileType = sourcecode.swift; name = CSBaseViewController.swift; path = ViewControllers/CSBaseViewController.swift; sourceTree = "<group>"; };
		41DD76C7589353231F11064D /* Pods.framework */ = {isa = PBXFileReference; explicitFileType = wrapper.framework; includeInIndex = 0; path = Pods.framework; sourceTree = BUILT_PRODUCTS_DIR; };
		4E294301376EDE02D444AA75 /* Pods.release.xcconfig */ = {isa = PBXFileReference; includeInIndex = 1; lastKnownFileType = text.xcconfig; name = Pods.release.xcconfig; path = "Pods/Target Support Files/Pods/Pods.release.xcconfig"; sourceTree = "<group>"; };
		625F08271588B857F0011AFA /* Pods_CrowdShelf.framework */ = {isa = PBXFileReference; explicitFileType = wrapper.framework; includeInIndex = 0; path = Pods_CrowdShelf.framework; sourceTree = BUILT_PRODUCTS_DIR; };
		90135A804400F9D5CBD20212 /* Pods-CrowdShelfTests.release.xcconfig */ = {isa = PBXFileReference; includeInIndex = 1; lastKnownFileType = text.xcconfig; name = "Pods-CrowdShelfTests.release.xcconfig"; path = "Pods/Target Support Files/Pods-CrowdShelfTests/Pods-CrowdShelfTests.release.xcconfig"; sourceTree = "<group>"; };
/* End PBXFileReference section */

/* Begin PBXFrameworksBuildPhase section */
		3953BF811B8DC29B00E39CC9 /* Frameworks */ = {
			isa = PBXFrameworksBuildPhase;
			buildActionMask = 2147483647;
			files = (
				8AD4FCD156A21D9974A66A36 /* Pods.framework in Frameworks */,
				A149270F8A04A6868E57F987 /* Pods_CrowdShelf.framework in Frameworks */,
			);
			runOnlyForDeploymentPostprocessing = 0;
		};
		3953BF961B8DC29B00E39CC9 /* Frameworks */ = {
			isa = PBXFrameworksBuildPhase;
			buildActionMask = 2147483647;
			files = (
				6DCE9198D2EC7E8A42408369 /* Pods_CrowdShelfTests.framework in Frameworks */,
			);
			runOnlyForDeploymentPostprocessing = 0;
		};
/* End PBXFrameworksBuildPhase section */

/* Begin PBXGroup section */
		39153A531B97150B00D34293 /* Views */ = {
			isa = PBXGroup;
			children = (
				39153A501B970F1E00D34293 /* CSTextView.swift */,
			);
			name = Views;
			sourceTree = "<group>";
		};
		3953BF7B1B8DC29B00E39CC9 = {
			isa = PBXGroup;
			children = (
				3953BF861B8DC29B00E39CC9 /* CrowdShelf */,
				3953BF9C1B8DC29B00E39CC9 /* CrowdShelfTests */,
				3953BF851B8DC29B00E39CC9 /* Products */,
				4CA4BDD76803AE4B70C87B74 /* Frameworks */,
				CD01AAD31CD597E3D6F27731 /* Pods */,
			);
			sourceTree = "<group>";
		};
		3953BF851B8DC29B00E39CC9 /* Products */ = {
			isa = PBXGroup;
			children = (
				3953BF841B8DC29B00E39CC9 /* CrowdShelf.app */,
				3953BF991B8DC29B00E39CC9 /* CrowdShelfTests.xctest */,
			);
			name = Products;
			sourceTree = "<group>";
		};
		3953BF861B8DC29B00E39CC9 /* CrowdShelf */ = {
			isa = PBXGroup;
			children = (
				39C2F5B11B90A27D00529AA9 /* CollectionViewCells */,
				395EDD211B8F55650012A465 /* Models */,
				3953BFAA1B8E224000E39CC9 /* Handlers */,
				3953BFA91B8E223300E39CC9 /* ViewControllers */,
				3953BF891B8DC29B00E39CC9 /* AppDelegate.swift */,
				3953BF8D1B8DC29B00E39CC9 /* Main.storyboard */,
				3953BF901B8DC29B00E39CC9 /* Images.xcassets */,
				3953BF921B8DC29B00E39CC9 /* LaunchScreen.xib */,
				3953BF871B8DC29B00E39CC9 /* Supporting Files */,
				39153A531B97150B00D34293 /* Views */,
			);
			path = CrowdShelf;
			sourceTree = "<group>";
		};
		3953BF871B8DC29B00E39CC9 /* Supporting Files */ = {
			isa = PBXGroup;
			children = (
				3953BF881B8DC29B00E39CC9 /* Info.plist */,
				39BFDEF31BACBA310058C2CF /* Environment.swift */,
				39BFDEFA1BAD4D5E0058C2CF /* Debug.swift */,
			);
			name = "Supporting Files";
			sourceTree = "<group>";
		};
		3953BF9C1B8DC29B00E39CC9 /* CrowdShelfTests */ = {
			isa = PBXGroup;
			children = (
				39A0CB051B95D2BB00321225 /* ViewControllers */,
				3953BF9F1B8DC29B00E39CC9 /* CrowdShelfTests.swift */,
				3953BF9D1B8DC29B00E39CC9 /* Supporting Files */,
				395EDD1D1B8E611A0012A465 /* Handlers */,
			);
			path = CrowdShelfTests;
			sourceTree = "<group>";
		};
		3953BF9D1B8DC29B00E39CC9 /* Supporting Files */ = {
			isa = PBXGroup;
			children = (
				3953BF9E1B8DC29B00E39CC9 /* Info.plist */,
			);
			name = "Supporting Files";
			sourceTree = "<group>";
		};
		3953BFA91B8E223300E39CC9 /* ViewControllers */ = {
			isa = PBXGroup;
			children = (
				39C2F5AD1B906D8D00529AA9 /* CSBookViewController.swift */,
				39CB7B9D1BB3501000718345 /* CSBaseViewController.swift */,
				395EDD1F1B8F09C00012A465 /* CSScannerViewController.swift */,
				39C2F5B41B90A40A00529AA9 /* CSShelfViewController.swift */,
				39A0CAFD1B958B0D00321225 /* CSListViewController.swift */,
				399EFDF51BB2E0C900FC0664 /* CSLoginViewController.swift */,
				3978FE201BB32BF100DF742A /* CSBookInformationViewController.swift */,
			);
			name = ViewControllers;
			sourceTree = "<group>";
		};
		3953BFAA1B8E224000E39CC9 /* Handlers */ = {
			isa = PBXGroup;
			children = (
				3953BFAB1B8E230300E39CC9 /* CSLocalDataHandler.swift */,
				39C2F5921B90527200529AA9 /* CSDataHandler.swift */,
				390EAF251BAA0D5000D0DCEB /* CSDataHandler+GoogleBooks.swift */,
			);
			name = Handlers;
			sourceTree = "<group>";
		};
		395EDD1D1B8E611A0012A465 /* Handlers */ = {
			isa = PBXGroup;
			children = (
				395EDD1B1B8E61150012A465 /* LocalDataHandlerTest.swift */,
			);
			name = Handlers;
			sourceTree = "<group>";
		};
		395EDD211B8F55650012A465 /* Models */ = {
			isa = PBXGroup;
			children = (
				395EDD221B8F55AE0012A465 /* CSBook.swift */,
				395EDD241B8F56BC0012A465 /* CSCrowd.swift */,
				39C2F5871B8FA0CE00529AA9 /* CSUser.swift */,
				39C2F5891B8FA40D00529AA9 /* CSBookInformation.swift */,
				39C2F5851B8F9AB800529AA9 /* CSBaseModel.swift */,
				392169171BB083E70029A6C8 /* SerializableObject.swift */,
				392169141BAF702A0029A6C8 /* RLMWrapper.swift */,
			);
			name = Models;
			sourceTree = "<group>";
		};
		39A0CB051B95D2BB00321225 /* ViewControllers */ = {
			isa = PBXGroup;
			children = (
			);
			name = ViewControllers;
			sourceTree = "<group>";
		};
		39C2F5B11B90A27D00529AA9 /* CollectionViewCells */ = {
			isa = PBXGroup;
			children = (
				39C2F5B21B90A2EE00529AA9 /* CSBookCollectionViewCell.swift */,
			);
			name = CollectionViewCells;
			sourceTree = "<group>";
		};
		4CA4BDD76803AE4B70C87B74 /* Frameworks */ = {
			isa = PBXGroup;
			children = (
				41DD76C7589353231F11064D /* Pods.framework */,
				625F08271588B857F0011AFA /* Pods_CrowdShelf.framework */,
				040035D2D8DB30B6C01FB456 /* Pods_CrowdShelfTests.framework */,
			);
			name = Frameworks;
			sourceTree = "<group>";
		};
		CD01AAD31CD597E3D6F27731 /* Pods */ = {
			isa = PBXGroup;
			children = (
				0BDAE150A5E39A8004D0A2E5 /* Pods.debug.xcconfig */,
				4E294301376EDE02D444AA75 /* Pods.release.xcconfig */,
				2EA5EDF65AC65EB80D5647A1 /* Pods-CrowdShelfTests.debug.xcconfig */,
				90135A804400F9D5CBD20212 /* Pods-CrowdShelfTests.release.xcconfig */,
			);
			name = Pods;
			sourceTree = "<group>";
		};
/* End PBXGroup section */

/* Begin PBXNativeTarget section */
		3953BF831B8DC29B00E39CC9 /* CrowdShelf */ = {
			isa = PBXNativeTarget;
			buildConfigurationList = 3953BFA31B8DC29B00E39CC9 /* Build configuration list for PBXNativeTarget "CrowdShelf" */;
			buildPhases = (
				92BE9563D816D36768444B0D /* Check Pods Manifest.lock */,
				3953BF801B8DC29B00E39CC9 /* Sources */,
				3953BF811B8DC29B00E39CC9 /* Frameworks */,
				3953BF821B8DC29B00E39CC9 /* Resources */,
				C8743E1B3455DC67E4C7CBFA /* Embed Pods Frameworks */,
				A7A7A5F6E8058F6F17E848F7 /* Copy Pods Resources */,
			);
			buildRules = (
			);
			dependencies = (
			);
			name = CrowdShelf;
			productName = CrowdShelf;
			productReference = 3953BF841B8DC29B00E39CC9 /* CrowdShelf.app */;
			productType = "com.apple.product-type.application";
		};
		3953BF981B8DC29B00E39CC9 /* CrowdShelfTests */ = {
			isa = PBXNativeTarget;
			buildConfigurationList = 3953BFA61B8DC29B00E39CC9 /* Build configuration list for PBXNativeTarget "CrowdShelfTests" */;
			buildPhases = (
				F57775D5B7C39CCC2BAA7D9C /* Check Pods Manifest.lock */,
				3953BF951B8DC29B00E39CC9 /* Sources */,
				3953BF961B8DC29B00E39CC9 /* Frameworks */,
				3953BF971B8DC29B00E39CC9 /* Resources */,
				3859F338EDAC59453B296F46 /* Embed Pods Frameworks */,
				41200B7BFD86180EDADD72B5 /* Copy Pods Resources */,
			);
			buildRules = (
			);
			dependencies = (
				3953BF9B1B8DC29B00E39CC9 /* PBXTargetDependency */,
			);
			name = CrowdShelfTests;
			productName = CrowdShelfTests;
			productReference = 3953BF991B8DC29B00E39CC9 /* CrowdShelfTests.xctest */;
			productType = "com.apple.product-type.bundle.unit-test";
		};
/* End PBXNativeTarget section */

/* Begin PBXProject section */
		3953BF7C1B8DC29B00E39CC9 /* Project object */ = {
			isa = PBXProject;
			attributes = {
				LastSwiftMigration = 0700;
				LastSwiftUpdateCheck = 0700;
				LastUpgradeCheck = 0700;
				ORGANIZATIONNAME = "Øyvind Grimnes";
				TargetAttributes = {
					3953BF831B8DC29B00E39CC9 = {
						CreatedOnToolsVersion = 6.4;
						DevelopmentTeam = FXWNTJ4XVX;
					};
					3953BF981B8DC29B00E39CC9 = {
						CreatedOnToolsVersion = 6.4;
						TestTargetID = 3953BF831B8DC29B00E39CC9;
					};
				};
			};
			buildConfigurationList = 3953BF7F1B8DC29B00E39CC9 /* Build configuration list for PBXProject "CrowdShelf" */;
			compatibilityVersion = "Xcode 3.2";
			developmentRegion = English;
			hasScannedForEncodings = 0;
			knownRegions = (
				en,
				Base,
			);
			mainGroup = 3953BF7B1B8DC29B00E39CC9;
			productRefGroup = 3953BF851B8DC29B00E39CC9 /* Products */;
			projectDirPath = "";
			projectRoot = "";
			targets = (
				3953BF831B8DC29B00E39CC9 /* CrowdShelf */,
				3953BF981B8DC29B00E39CC9 /* CrowdShelfTests */,
			);
		};
/* End PBXProject section */

/* Begin PBXResourcesBuildPhase section */
		3953BF821B8DC29B00E39CC9 /* Resources */ = {
			isa = PBXResourcesBuildPhase;
			buildActionMask = 2147483647;
			files = (
				3953BF8F1B8DC29B00E39CC9 /* Main.storyboard in Resources */,
				3953BF941B8DC29B00E39CC9 /* LaunchScreen.xib in Resources */,
				3953BF911B8DC29B00E39CC9 /* Images.xcassets in Resources */,
			);
			runOnlyForDeploymentPostprocessing = 0;
		};
		3953BF971B8DC29B00E39CC9 /* Resources */ = {
			isa = PBXResourcesBuildPhase;
			buildActionMask = 2147483647;
			files = (
			);
			runOnlyForDeploymentPostprocessing = 0;
		};
/* End PBXResourcesBuildPhase section */

/* Begin PBXShellScriptBuildPhase section */
		3859F338EDAC59453B296F46 /* Embed Pods Frameworks */ = {
			isa = PBXShellScriptBuildPhase;
			buildActionMask = 2147483647;
			files = (
			);
			inputPaths = (
			);
			name = "Embed Pods Frameworks";
			outputPaths = (
			);
			runOnlyForDeploymentPostprocessing = 0;
			shellPath = /bin/sh;
			shellScript = "\"${SRCROOT}/Pods/Target Support Files/Pods-CrowdShelfTests/Pods-CrowdShelfTests-frameworks.sh\"\n";
			showEnvVarsInLog = 0;
		};
		41200B7BFD86180EDADD72B5 /* Copy Pods Resources */ = {
			isa = PBXShellScriptBuildPhase;
			buildActionMask = 2147483647;
			files = (
			);
			inputPaths = (
			);
			name = "Copy Pods Resources";
			outputPaths = (
			);
			runOnlyForDeploymentPostprocessing = 0;
			shellPath = /bin/sh;
			shellScript = "\"${SRCROOT}/Pods/Target Support Files/Pods-CrowdShelfTests/Pods-CrowdShelfTests-resources.sh\"\n";
			showEnvVarsInLog = 0;
		};
		92BE9563D816D36768444B0D /* Check Pods Manifest.lock */ = {
			isa = PBXShellScriptBuildPhase;
			buildActionMask = 2147483647;
			files = (
			);
			inputPaths = (
			);
			name = "Check Pods Manifest.lock";
			outputPaths = (
			);
			runOnlyForDeploymentPostprocessing = 0;
			shellPath = /bin/sh;
			shellScript = "diff \"${PODS_ROOT}/../Podfile.lock\" \"${PODS_ROOT}/Manifest.lock\" > /dev/null\nif [[ $? != 0 ]] ; then\n    cat << EOM\nerror: The sandbox is not in sync with the Podfile.lock. Run 'pod install' or update your CocoaPods installation.\nEOM\n    exit 1\nfi\n";
			showEnvVarsInLog = 0;
		};
		A7A7A5F6E8058F6F17E848F7 /* Copy Pods Resources */ = {
			isa = PBXShellScriptBuildPhase;
			buildActionMask = 2147483647;
			files = (
			);
			inputPaths = (
			);
			name = "Copy Pods Resources";
			outputPaths = (
			);
			runOnlyForDeploymentPostprocessing = 0;
			shellPath = /bin/sh;
			shellScript = "\"${SRCROOT}/Pods/Target Support Files/Pods-CrowdShelf/Pods-CrowdShelf-resources.sh\"\n";
			showEnvVarsInLog = 0;
		};
		C8743E1B3455DC67E4C7CBFA /* Embed Pods Frameworks */ = {
			isa = PBXShellScriptBuildPhase;
			buildActionMask = 2147483647;
			files = (
			);
			inputPaths = (
			);
			name = "Embed Pods Frameworks";
			outputPaths = (
			);
			runOnlyForDeploymentPostprocessing = 0;
			shellPath = /bin/sh;
			shellScript = "\"${SRCROOT}/Pods/Target Support Files/Pods-CrowdShelf/Pods-CrowdShelf-frameworks.sh\"\n";
			showEnvVarsInLog = 0;
		};
		F57775D5B7C39CCC2BAA7D9C /* Check Pods Manifest.lock */ = {
			isa = PBXShellScriptBuildPhase;
			buildActionMask = 2147483647;
			files = (
			);
			inputPaths = (
			);
			name = "Check Pods Manifest.lock";
			outputPaths = (
			);
			runOnlyForDeploymentPostprocessing = 0;
			shellPath = /bin/sh;
			shellScript = "diff \"${PODS_ROOT}/../Podfile.lock\" \"${PODS_ROOT}/Manifest.lock\" > /dev/null\nif [[ $? != 0 ]] ; then\n    cat << EOM\nerror: The sandbox is not in sync with the Podfile.lock. Run 'pod install' or update your CocoaPods installation.\nEOM\n    exit 1\nfi\n";
			showEnvVarsInLog = 0;
		};
/* End PBXShellScriptBuildPhase section */

/* Begin PBXSourcesBuildPhase section */
		3953BF801B8DC29B00E39CC9 /* Sources */ = {
			isa = PBXSourcesBuildPhase;
			buildActionMask = 2147483647;
			files = (
				399EFDF61BB2E0C900FC0664 /* CSLoginViewController.swift in Sources */,
				39C2F5861B8F9AB800529AA9 /* CSBaseModel.swift in Sources */,
				39A0CAFE1B958B0D00321225 /* CSListViewController.swift in Sources */,
				3953BF8A1B8DC29B00E39CC9 /* AppDelegate.swift in Sources */,
				39CB7B9E1BB3501000718345 /* CSBaseViewController.swift in Sources */,
				39C2F58A1B8FA40D00529AA9 /* CSBookInformation.swift in Sources */,
				3978FE211BB32BF100DF742A /* CSBookInformationViewController.swift in Sources */,
				39C2F5931B90527200529AA9 /* CSDataHandler.swift in Sources */,
				3953BFAC1B8E230300E39CC9 /* CSLocalDataHandler.swift in Sources */,
				390EAF261BAA0D5000D0DCEB /* CSDataHandler+GoogleBooks.swift in Sources */,
				39BFDEFB1BAD4D5E0058C2CF /* Debug.swift in Sources */,
				39C2F5881B8FA0CE00529AA9 /* CSUser.swift in Sources */,
				39C2F5AE1B906D8D00529AA9 /* CSBookViewController.swift in Sources */,
				39C2F5B51B90A40A00529AA9 /* CSShelfViewController.swift in Sources */,
				392169151BAF702A0029A6C8 /* RLMWrapper.swift in Sources */,
				39153A511B970F1E00D34293 /* CSTextView.swift in Sources */,
				392169181BB083E70029A6C8 /* SerializableObject.swift in Sources */,
				395EDD251B8F56BC0012A465 /* CSCrowd.swift in Sources */,
				39C2F5B31B90A2EE00529AA9 /* CSBookCollectionViewCell.swift in Sources */,
				39BFDEF41BACBA310058C2CF /* Environment.swift in Sources */,
				395EDD231B8F55AE0012A465 /* CSBook.swift in Sources */,
				395EDD201B8F09C00012A465 /* CSScannerViewController.swift in Sources */,
			);
			runOnlyForDeploymentPostprocessing = 0;
		};
		3953BF951B8DC29B00E39CC9 /* Sources */ = {
			isa = PBXSourcesBuildPhase;
			buildActionMask = 2147483647;
			files = (
				392169161BAF70410029A6C8 /* RLMWrapper.swift in Sources */,
				39C2F5A61B906D4300529AA9 /* CSBook.swift in Sources */,
				39C2F5A91B906D4300529AA9 /* CSUser.swift in Sources */,
				39C2F5AB1B906D5600529AA9 /* CSDataHandler.swift in Sources */,
				39153A521B970F1E00D34293 /* CSTextView.swift in Sources */,
				395EDD1C1B8E61150012A465 /* LocalDataHandlerTest.swift in Sources */,
				39C2F5A81B906D4300529AA9 /* CSBaseModel.swift in Sources */,
				3953BFA01B8DC29B00E39CC9 /* CrowdShelfTests.swift in Sources */,
				390EAF271BAA0EEA00D0DCEB /* CSDataHandler+GoogleBooks.swift in Sources */,
				39153A5B1B9778C900D34293 /* CSBookCollectionViewCell.swift in Sources */,
				39A0CB011B958DFC00321225 /* CSListViewController.swift in Sources */,
				39C2F5AA1B906D4300529AA9 /* CSBookInformation.swift in Sources */,
				39153A571B9778B200D34293 /* CSShelfViewController.swift in Sources */,
				39C2F5B01B907EC000529AA9 /* CSBookViewController.swift in Sources */,
				395EDD1E1B8E61DE0012A465 /* CSLocalDataHandler.swift in Sources */,
				3978FE221BB32BF100DF742A /* CSBookInformationViewController.swift in Sources */,
				392169191BB084210029A6C8 /* SerializableObject.swift in Sources */,
				39C2F5A71B906D4300529AA9 /* CSCrowd.swift in Sources */,
				39153A5A1B9778BD00D34293 /* AppDelegate.swift in Sources */,
				399EFDF71BB2E0E000FC0664 /* CSLoginViewController.swift in Sources */,
				39BFDEF51BACBBB50058C2CF /* Environment.swift in Sources */,
				39BFDEFC1BAD4EE30058C2CF /* Debug.swift in Sources */,
				39C2F5AC1B906D5A00529AA9 /* CSScannerViewController.swift in Sources */,
				39CB7B9F1BB3501000718345 /* CSBaseViewController.swift in Sources */,
			);
			runOnlyForDeploymentPostprocessing = 0;
		};
/* End PBXSourcesBuildPhase section */

/* Begin PBXTargetDependency section */
		3953BF9B1B8DC29B00E39CC9 /* PBXTargetDependency */ = {
			isa = PBXTargetDependency;
			target = 3953BF831B8DC29B00E39CC9 /* CrowdShelf */;
			targetProxy = 3953BF9A1B8DC29B00E39CC9 /* PBXContainerItemProxy */;
		};
/* End PBXTargetDependency section */

/* Begin PBXVariantGroup section */
		3953BF8D1B8DC29B00E39CC9 /* Main.storyboard */ = {
			isa = PBXVariantGroup;
			children = (
				3953BF8E1B8DC29B00E39CC9 /* Base */,
			);
			name = Main.storyboard;
			sourceTree = "<group>";
		};
		3953BF921B8DC29B00E39CC9 /* LaunchScreen.xib */ = {
			isa = PBXVariantGroup;
			children = (
				3953BF931B8DC29B00E39CC9 /* Base */,
			);
			name = LaunchScreen.xib;
			sourceTree = "<group>";
		};
/* End PBXVariantGroup section */

/* Begin XCBuildConfiguration section */
		3953BFA11B8DC29B00E39CC9 /* Debug */ = {
			isa = XCBuildConfiguration;
			buildSettings = {
				ALWAYS_SEARCH_USER_PATHS = NO;
				CLANG_CXX_LANGUAGE_STANDARD = "gnu++0x";
				CLANG_CXX_LIBRARY = "libc++";
				CLANG_ENABLE_MODULES = YES;
				CLANG_ENABLE_OBJC_ARC = YES;
				CLANG_WARN_BOOL_CONVERSION = YES;
				CLANG_WARN_CONSTANT_CONVERSION = YES;
				CLANG_WARN_DIRECT_OBJC_ISA_USAGE = YES_ERROR;
				CLANG_WARN_EMPTY_BODY = YES;
				CLANG_WARN_ENUM_CONVERSION = YES;
				CLANG_WARN_INT_CONVERSION = YES;
				CLANG_WARN_OBJC_ROOT_CLASS = YES_ERROR;
				CLANG_WARN_UNREACHABLE_CODE = YES;
				CLANG_WARN__DUPLICATE_METHOD_MATCH = YES;
				"CODE_SIGN_IDENTITY[sdk=iphoneos*]" = "iPhone Developer";
				COPY_PHASE_STRIP = NO;
				DEBUG_INFORMATION_FORMAT = "dwarf-with-dsym";
				ENABLE_STRICT_OBJC_MSGSEND = YES;
				ENABLE_TESTABILITY = YES;
				GCC_C_LANGUAGE_STANDARD = gnu99;
				GCC_DYNAMIC_NO_PIC = NO;
				GCC_NO_COMMON_BLOCKS = YES;
				GCC_OPTIMIZATION_LEVEL = 0;
				GCC_PREPROCESSOR_DEFINITIONS = (
					"DEBUG=1",
					"$(inherited)",
				);
				GCC_SYMBOLS_PRIVATE_EXTERN = NO;
				GCC_WARN_64_TO_32_BIT_CONVERSION = YES;
				GCC_WARN_ABOUT_RETURN_TYPE = YES_ERROR;
				GCC_WARN_UNDECLARED_SELECTOR = YES;
				GCC_WARN_UNINITIALIZED_AUTOS = YES_AGGRESSIVE;
				GCC_WARN_UNUSED_FUNCTION = YES;
				GCC_WARN_UNUSED_VARIABLE = YES;
				IPHONEOS_DEPLOYMENT_TARGET = 8.0;
				MTL_ENABLE_DEBUG_INFO = YES;
				ONLY_ACTIVE_ARCH = YES;
				SDKROOT = iphoneos;
				SWIFT_OPTIMIZATION_LEVEL = "-Onone";
			};
			name = Debug;
		};
		3953BFA21B8DC29B00E39CC9 /* Release */ = {
			isa = XCBuildConfiguration;
			buildSettings = {
				ALWAYS_SEARCH_USER_PATHS = NO;
				CLANG_CXX_LANGUAGE_STANDARD = "gnu++0x";
				CLANG_CXX_LIBRARY = "libc++";
				CLANG_ENABLE_MODULES = YES;
				CLANG_ENABLE_OBJC_ARC = YES;
				CLANG_WARN_BOOL_CONVERSION = YES;
				CLANG_WARN_CONSTANT_CONVERSION = YES;
				CLANG_WARN_DIRECT_OBJC_ISA_USAGE = YES_ERROR;
				CLANG_WARN_EMPTY_BODY = YES;
				CLANG_WARN_ENUM_CONVERSION = YES;
				CLANG_WARN_INT_CONVERSION = YES;
				CLANG_WARN_OBJC_ROOT_CLASS = YES_ERROR;
				CLANG_WARN_UNREACHABLE_CODE = YES;
				CLANG_WARN__DUPLICATE_METHOD_MATCH = YES;
				"CODE_SIGN_IDENTITY[sdk=iphoneos*]" = "iPhone Developer";
				COPY_PHASE_STRIP = NO;
				DEBUG_INFORMATION_FORMAT = "dwarf-with-dsym";
				ENABLE_NS_ASSERTIONS = NO;
				ENABLE_STRICT_OBJC_MSGSEND = YES;
				GCC_C_LANGUAGE_STANDARD = gnu99;
				GCC_NO_COMMON_BLOCKS = YES;
				GCC_WARN_64_TO_32_BIT_CONVERSION = YES;
				GCC_WARN_ABOUT_RETURN_TYPE = YES_ERROR;
				GCC_WARN_UNDECLARED_SELECTOR = YES;
				GCC_WARN_UNINITIALIZED_AUTOS = YES_AGGRESSIVE;
				GCC_WARN_UNUSED_FUNCTION = YES;
				GCC_WARN_UNUSED_VARIABLE = YES;
				IPHONEOS_DEPLOYMENT_TARGET = 8.0;
				MTL_ENABLE_DEBUG_INFO = NO;
				SDKROOT = iphoneos;
				VALIDATE_PRODUCT = YES;
			};
			name = Release;
		};
		3953BFA41B8DC29B00E39CC9 /* Debug */ = {
			isa = XCBuildConfiguration;
			baseConfigurationReference = 0BDAE150A5E39A8004D0A2E5 /* Pods.debug.xcconfig */;
			buildSettings = {
				ASSETCATALOG_COMPILER_APPICON_NAME = AppIcon;
				CODE_SIGN_IDENTITY = "iPhone Developer";
				INFOPLIST_FILE = CrowdShelf/Info.plist;
				LD_RUNPATH_SEARCH_PATHS = "$(inherited) @executable_path/Frameworks";
				PRODUCT_BUNDLE_IDENTIFIER = com.skaptronderen.crowdshelf;
				PRODUCT_NAME = "$(TARGET_NAME)";
			};
			name = Debug;
		};
		3953BFA51B8DC29B00E39CC9 /* Release */ = {
			isa = XCBuildConfiguration;
			baseConfigurationReference = 4E294301376EDE02D444AA75 /* Pods.release.xcconfig */;
			buildSettings = {
				ASSETCATALOG_COMPILER_APPICON_NAME = AppIcon;
				CODE_SIGN_IDENTITY = "iPhone Developer";
				INFOPLIST_FILE = CrowdShelf/Info.plist;
				LD_RUNPATH_SEARCH_PATHS = "$(inherited) @executable_path/Frameworks";
				PRODUCT_BUNDLE_IDENTIFIER = com.skaptronderen.crowdshelf;
				PRODUCT_NAME = "$(TARGET_NAME)";
			};
			name = Release;
		};
		3953BFA71B8DC29B00E39CC9 /* Debug */ = {
			isa = XCBuildConfiguration;
			baseConfigurationReference = 2EA5EDF65AC65EB80D5647A1 /* Pods-CrowdShelfTests.debug.xcconfig */;
			buildSettings = {
				BUNDLE_LOADER = "$(TEST_HOST)";
				FRAMEWORK_SEARCH_PATHS = (
					"$(SDKROOT)/Developer/Library/Frameworks",
					"$(inherited)",
				);
				GCC_PREPROCESSOR_DEFINITIONS = (
					"DEBUG=1",
					"$(inherited)",
				);
				INFOPLIST_FILE = CrowdShelfTests/Info.plist;
				LD_RUNPATH_SEARCH_PATHS = "$(inherited) @executable_path/Frameworks @loader_path/Frameworks";
				PRODUCT_BUNDLE_IDENTIFIER = "com.skaptronderen.$(PRODUCT_NAME:rfc1034identifier)";
				PRODUCT_NAME = "$(TARGET_NAME)";
				TEST_HOST = "$(BUILT_PRODUCTS_DIR)/CrowdShelf.app/CrowdShelf";
			};
			name = Debug;
		};
		3953BFA81B8DC29B00E39CC9 /* Release */ = {
			isa = XCBuildConfiguration;
			baseConfigurationReference = 90135A804400F9D5CBD20212 /* Pods-CrowdShelfTests.release.xcconfig */;
			buildSettings = {
				BUNDLE_LOADER = "$(TEST_HOST)";
				FRAMEWORK_SEARCH_PATHS = (
					"$(SDKROOT)/Developer/Library/Frameworks",
					"$(inherited)",
				);
				INFOPLIST_FILE = CrowdShelfTests/Info.plist;
				LD_RUNPATH_SEARCH_PATHS = "$(inherited) @executable_path/Frameworks @loader_path/Frameworks";
				PRODUCT_BUNDLE_IDENTIFIER = "com.skaptronderen.$(PRODUCT_NAME:rfc1034identifier)";
				PRODUCT_NAME = "$(TARGET_NAME)";
				TEST_HOST = "$(BUILT_PRODUCTS_DIR)/CrowdShelf.app/CrowdShelf";
			};
			name = Release;
		};
/* End XCBuildConfiguration section */

/* Begin XCConfigurationList section */
		3953BF7F1B8DC29B00E39CC9 /* Build configuration list for PBXProject "CrowdShelf" */ = {
			isa = XCConfigurationList;
			buildConfigurations = (
				3953BFA11B8DC29B00E39CC9 /* Debug */,
				3953BFA21B8DC29B00E39CC9 /* Release */,
			);
			defaultConfigurationIsVisible = 0;
			defaultConfigurationName = Release;
		};
		3953BFA31B8DC29B00E39CC9 /* Build configuration list for PBXNativeTarget "CrowdShelf" */ = {
			isa = XCConfigurationList;
			buildConfigurations = (
				3953BFA41B8DC29B00E39CC9 /* Debug */,
				3953BFA51B8DC29B00E39CC9 /* Release */,
			);
			defaultConfigurationIsVisible = 0;
			defaultConfigurationName = Release;
		};
		3953BFA61B8DC29B00E39CC9 /* Build configuration list for PBXNativeTarget "CrowdShelfTests" */ = {
			isa = XCConfigurationList;
			buildConfigurations = (
				3953BFA71B8DC29B00E39CC9 /* Debug */,
				3953BFA81B8DC29B00E39CC9 /* Release */,
			);
			defaultConfigurationIsVisible = 0;
			defaultConfigurationName = Release;
		};
/* End XCConfigurationList section */
	};
	rootObject = 3953BF7C1B8DC29B00E39CC9 /* Project object */;
}
