// !$*UTF8*$!
{
	archiveVersion = 1;
	classes = {
	};
	objectVersion = 46;
	objects = {

/* Begin PBXBuildFile section */
		3953BF8A1B8DC29B00E39CC9 /* AppDelegate.swift in Sources */ = {isa = PBXBuildFile; fileRef = 3953BF891B8DC29B00E39CC9 /* AppDelegate.swift */; };
		3953BF8C1B8DC29B00E39CC9 /* ViewController.swift in Sources */ = {isa = PBXBuildFile; fileRef = 3953BF8B1B8DC29B00E39CC9 /* ViewController.swift */; };
		3953BF8F1B8DC29B00E39CC9 /* Main.storyboard in Resources */ = {isa = PBXBuildFile; fileRef = 3953BF8D1B8DC29B00E39CC9 /* Main.storyboard */; };
		3953BF911B8DC29B00E39CC9 /* Images.xcassets in Resources */ = {isa = PBXBuildFile; fileRef = 3953BF901B8DC29B00E39CC9 /* Images.xcassets */; };
		3953BF941B8DC29B00E39CC9 /* LaunchScreen.xib in Resources */ = {isa = PBXBuildFile; fileRef = 3953BF921B8DC29B00E39CC9 /* LaunchScreen.xib */; };
		3953BFA01B8DC29B00E39CC9 /* CrowdShelfTests.swift in Sources */ = {isa = PBXBuildFile; fileRef = 3953BF9F1B8DC29B00E39CC9 /* CrowdShelfTests.swift */; };
		3953BFAC1B8E230300E39CC9 /* LocalDataHandler.swift in Sources */ = {isa = PBXBuildFile; fileRef = 3953BFAB1B8E230300E39CC9 /* LocalDataHandler.swift */; };
		395EDD1C1B8E61150012A465 /* LocalDataHandlerTest.swift in Sources */ = {isa = PBXBuildFile; fileRef = 395EDD1B1B8E61150012A465 /* LocalDataHandlerTest.swift */; };
		395EDD1E1B8E61DE0012A465 /* LocalDataHandler.swift in Sources */ = {isa = PBXBuildFile; fileRef = 3953BFAB1B8E230300E39CC9 /* LocalDataHandler.swift */; };
		73707C01149EEF77BFBD0267 /* Pods.framework in Frameworks */ = {isa = PBXBuildFile; fileRef = 41DD76C7589353231F11064D /* Pods.framework */; settings = {ATTRIBUTES = (Weak, ); }; };
/* End PBXBuildFile section */

/* Begin PBXContainerItemProxy section */
		3953BF9A1B8DC29B00E39CC9 /* PBXContainerItemProxy */ = {
			isa = PBXContainerItemProxy;
			containerPortal = 3953BF7C1B8DC29B00E39CC9 /* Project object */;
			proxyType = 1;
			remoteGlobalIDString = 3953BF831B8DC29B00E39CC9;
			remoteInfo = CrowdShelf;
		};
/* End PBXContainerItemProxy section */

/* Begin PBXFileReference section */
		3249996AC10CAAC8E7BC346D /* Pods.release.xcconfig */ = {isa = PBXFileReference; includeInIndex = 1; lastKnownFileType = text.xcconfig; name = Pods.release.xcconfig; path = "Pods/Target Support Files/Pods/Pods.release.xcconfig"; sourceTree = "<group>"; };
		3953BF841B8DC29B00E39CC9 /* CrowdShelf.app */ = {isa = PBXFileReference; explicitFileType = wrapper.application; includeInIndex = 0; path = CrowdShelf.app; sourceTree = BUILT_PRODUCTS_DIR; };
		3953BF881B8DC29B00E39CC9 /* Info.plist */ = {isa = PBXFileReference; lastKnownFileType = text.plist.xml; path = Info.plist; sourceTree = "<group>"; };
		3953BF891B8DC29B00E39CC9 /* AppDelegate.swift */ = {isa = PBXFileReference; lastKnownFileType = sourcecode.swift; path = AppDelegate.swift; sourceTree = "<group>"; };
		3953BF8B1B8DC29B00E39CC9 /* ViewController.swift */ = {isa = PBXFileReference; lastKnownFileType = sourcecode.swift; path = ViewController.swift; sourceTree = "<group>"; };
		3953BF8E1B8DC29B00E39CC9 /* Base */ = {isa = PBXFileReference; lastKnownFileType = file.storyboard; name = Base; path = Base.lproj/Main.storyboard; sourceTree = "<group>"; };
		3953BF901B8DC29B00E39CC9 /* Images.xcassets */ = {isa = PBXFileReference; lastKnownFileType = folder.assetcatalog; path = Images.xcassets; sourceTree = "<group>"; };
		3953BF931B8DC29B00E39CC9 /* Base */ = {isa = PBXFileReference; lastKnownFileType = file.xib; name = Base; path = Base.lproj/LaunchScreen.xib; sourceTree = "<group>"; };
		3953BF991B8DC29B00E39CC9 /* CrowdShelfTests.xctest */ = {isa = PBXFileReference; explicitFileType = wrapper.cfbundle; includeInIndex = 0; path = CrowdShelfTests.xctest; sourceTree = BUILT_PRODUCTS_DIR; };
		3953BF9E1B8DC29B00E39CC9 /* Info.plist */ = {isa = PBXFileReference; lastKnownFileType = text.plist.xml; path = Info.plist; sourceTree = "<group>"; };
		3953BF9F1B8DC29B00E39CC9 /* CrowdShelfTests.swift */ = {isa = PBXFileReference; lastKnownFileType = sourcecode.swift; path = CrowdShelfTests.swift; sourceTree = "<group>"; };
		3953BFAB1B8E230300E39CC9 /* LocalDataHandler.swift */ = {isa = PBXFileReference; fileEncoding = 4; lastKnownFileType = sourcecode.swift; name = LocalDataHandler.swift; path = Handlers/LocalDataHandler.swift; sourceTree = "<group>"; };
		395EDD1B1B8E61150012A465 /* LocalDataHandlerTest.swift */ = {isa = PBXFileReference; fileEncoding = 4; lastKnownFileType = sourcecode.swift; name = LocalDataHandlerTest.swift; path = Handlers/LocalDataHandlerTest.swift; sourceTree = "<group>"; };
		41DD76C7589353231F11064D /* Pods.framework */ = {isa = PBXFileReference; explicitFileType = wrapper.framework; includeInIndex = 0; path = Pods.framework; sourceTree = BUILT_PRODUCTS_DIR; };
		7E135A9CE28D13E7D82D9BE1 /* Pods.debug.xcconfig */ = {isa = PBXFileReference; includeInIndex = 1; lastKnownFileType = text.xcconfig; name = Pods.debug.xcconfig; path = "Pods/Target Support Files/Pods/Pods.debug.xcconfig"; sourceTree = "<group>"; };
/* End PBXFileReference section */

/* Begin PBXFrameworksBuildPhase section */
		3953BF811B8DC29B00E39CC9 /* Frameworks */ = {
			isa = PBXFrameworksBuildPhase;
			buildActionMask = 2147483647;
			files = (
				73707C01149EEF77BFBD0267 /* Pods.framework in Frameworks */,
			);
			runOnlyForDeploymentPostprocessing = 0;
		};
		3953BF961B8DC29B00E39CC9 /* Frameworks */ = {
			isa = PBXFrameworksBuildPhase;
			buildActionMask = 2147483647;
			files = (
			);
			runOnlyForDeploymentPostprocessing = 0;
		};
/* End PBXFrameworksBuildPhase section */

/* Begin PBXGroup section */
		3953BF7B1B8DC29B00E39CC9 = {
			isa = PBXGroup;
			children = (
				3953BF861B8DC29B00E39CC9 /* CrowdShelf */,
				3953BF9C1B8DC29B00E39CC9 /* CrowdShelfTests */,
				3953BF851B8DC29B00E39CC9 /* Products */,
				9BA01E40C1DD6A4ACBEB99AC /* Pods */,
				4CA4BDD76803AE4B70C87B74 /* Frameworks */,
			);
			sourceTree = "<group>";
		};
		3953BF851B8DC29B00E39CC9 /* Products */ = {
			isa = PBXGroup;
			children = (
				3953BF841B8DC29B00E39CC9 /* CrowdShelf.app */,
				3953BF991B8DC29B00E39CC9 /* CrowdShelfTests.xctest */,
			);
			name = Products;
			sourceTree = "<group>";
		};
		3953BF861B8DC29B00E39CC9 /* CrowdShelf */ = {
			isa = PBXGroup;
			children = (
				3953BFAA1B8E224000E39CC9 /* Handlers */,
				3953BFA91B8E223300E39CC9 /* ViewControllers */,
				3953BF891B8DC29B00E39CC9 /* AppDelegate.swift */,
				3953BF8B1B8DC29B00E39CC9 /* ViewController.swift */,
				3953BF8D1B8DC29B00E39CC9 /* Main.storyboard */,
				3953BF901B8DC29B00E39CC9 /* Images.xcassets */,
				3953BF921B8DC29B00E39CC9 /* LaunchScreen.xib */,
				3953BF871B8DC29B00E39CC9 /* Supporting Files */,
			);
			path = CrowdShelf;
			sourceTree = "<group>";
		};
		3953BF871B8DC29B00E39CC9 /* Supporting Files */ = {
			isa = PBXGroup;
			children = (
				3953BF881B8DC29B00E39CC9 /* Info.plist */,
			);
			name = "Supporting Files";
			sourceTree = "<group>";
		};
		3953BF9C1B8DC29B00E39CC9 /* CrowdShelfTests */ = {
			isa = PBXGroup;
			children = (
				3953BF9F1B8DC29B00E39CC9 /* CrowdShelfTests.swift */,
				3953BF9D1B8DC29B00E39CC9 /* Supporting Files */,
				395EDD1D1B8E611A0012A465 /* Handlers */,
			);
			path = CrowdShelfTests;
			sourceTree = "<group>";
		};
		3953BF9D1B8DC29B00E39CC9 /* Supporting Files */ = {
			isa = PBXGroup;
			children = (
				3953BF9E1B8DC29B00E39CC9 /* Info.plist */,
			);
			name = "Supporting Files";
			sourceTree = "<group>";
		};
		3953BFA91B8E223300E39CC9 /* ViewControllers */ = {
			isa = PBXGroup;
			children = (
			);
			name = ViewControllers;
			sourceTree = "<group>";
		};
		3953BFAA1B8E224000E39CC9 /* Handlers */ = {
			isa = PBXGroup;
			children = (
				3953BFAB1B8E230300E39CC9 /* LocalDataHandler.swift */,
			);
			name = Handlers;
			sourceTree = "<group>";
		};
		395EDD1D1B8E611A0012A465 /* Handlers */ = {
			isa = PBXGroup;
			children = (
				395EDD1B1B8E61150012A465 /* LocalDataHandlerTest.swift */,
			);
			name = Handlers;
			sourceTree = "<group>";
		};
		4CA4BDD76803AE4B70C87B74 /* Frameworks */ = {
			isa = PBXGroup;
			children = (
				41DD76C7589353231F11064D /* Pods.framework */,
			);
			name = Frameworks;
			sourceTree = "<group>";
		};
		9BA01E40C1DD6A4ACBEB99AC /* Pods */ = {
			isa = PBXGroup;
			children = (
				7E135A9CE28D13E7D82D9BE1 /* Pods.debug.xcconfig */,
				3249996AC10CAAC8E7BC346D /* Pods.release.xcconfig */,
			);
			name = Pods;
			sourceTree = "<group>";
		};
/* End PBXGroup section */

/* Begin PBXNativeTarget section */
		3953BF831B8DC29B00E39CC9 /* CrowdShelf */ = {
			isa = PBXNativeTarget;
			buildConfigurationList = 3953BFA31B8DC29B00E39CC9 /* Build configuration list for PBXNativeTarget "CrowdShelf" */;
			buildPhases = (
				B2263FCAC2DD88C912F140EC /* Check Pods Manifest.lock */,
				3953BF801B8DC29B00E39CC9 /* Sources */,
				3953BF811B8DC29B00E39CC9 /* Frameworks */,
				3953BF821B8DC29B00E39CC9 /* Resources */,
				A7BF24AD90E47DE71F309C71 /* Embed Pods Frameworks */,
				60AE3112AB2200E4E72428FD /* Copy Pods Resources */,
			);
			buildRules = (
			);
			dependencies = (
			);
			name = CrowdShelf;
			productName = CrowdShelf;
			productReference = 3953BF841B8DC29B00E39CC9 /* CrowdShelf.app */;
			productType = "com.apple.product-type.application";
		};
		3953BF981B8DC29B00E39CC9 /* CrowdShelfTests */ = {
			isa = PBXNativeTarget;
			buildConfigurationList = 3953BFA61B8DC29B00E39CC9 /* Build configuration list for PBXNativeTarget "CrowdShelfTests" */;
			buildPhases = (
				3953BF951B8DC29B00E39CC9 /* Sources */,
				3953BF961B8DC29B00E39CC9 /* Frameworks */,
				3953BF971B8DC29B00E39CC9 /* Resources */,
			);
			buildRules = (
			);
			dependencies = (
				3953BF9B1B8DC29B00E39CC9 /* PBXTargetDependency */,
			);
			name = CrowdShelfTests;
			productName = CrowdShelfTests;
			productReference = 3953BF991B8DC29B00E39CC9 /* CrowdShelfTests.xctest */;
			productType = "com.apple.product-type.bundle.unit-test";
		};
/* End PBXNativeTarget section */

/* Begin PBXProject section */
		3953BF7C1B8DC29B00E39CC9 /* Project object */ = {
			isa = PBXProject;
			attributes = {
				LastUpgradeCheck = 0640;
				ORGANIZATIONNAME = "Øyvind Grimnes";
				TargetAttributes = {
					3953BF831B8DC29B00E39CC9 = {
						CreatedOnToolsVersion = 6.4;
					};
					3953BF981B8DC29B00E39CC9 = {
						CreatedOnToolsVersion = 6.4;
						TestTargetID = 3953BF831B8DC29B00E39CC9;
					};
				};
			};
			buildConfigurationList = 3953BF7F1B8DC29B00E39CC9 /* Build configuration list for PBXProject "CrowdShelf" */;
			compatibilityVersion = "Xcode 3.2";
			developmentRegion = English;
			hasScannedForEncodings = 0;
			knownRegions = (
				en,
				Base,
			);
			mainGroup = 3953BF7B1B8DC29B00E39CC9;
			productRefGroup = 3953BF851B8DC29B00E39CC9 /* Products */;
			projectDirPath = "";
			projectRoot = "";
			targets = (
				3953BF831B8DC29B00E39CC9 /* CrowdShelf */,
				3953BF981B8DC29B00E39CC9 /* CrowdShelfTests */,
			);
		};
/* End PBXProject section */

/* Begin PBXResourcesBuildPhase section */
		3953BF821B8DC29B00E39CC9 /* Resources */ = {
			isa = PBXResourcesBuildPhase;
			buildActionMask = 2147483647;
			files = (
				3953BF8F1B8DC29B00E39CC9 /* Main.storyboard in Resources */,
				3953BF941B8DC29B00E39CC9 /* LaunchScreen.xib in Resources */,
				3953BF911B8DC29B00E39CC9 /* Images.xcassets in Resources */,
			);
			runOnlyForDeploymentPostprocessing = 0;
		};
		3953BF971B8DC29B00E39CC9 /* Resources */ = {
			isa = PBXResourcesBuildPhase;
			buildActionMask = 2147483647;
			files = (
			);
			runOnlyForDeploymentPostprocessing = 0;
		};
/* End PBXResourcesBuildPhase section */

/* Begin PBXShellScriptBuildPhase section */
		60AE3112AB2200E4E72428FD /* Copy Pods Resources */ = {
			isa = PBXShellScriptBuildPhase;
			buildActionMask = 2147483647;
			files = (
			);
			inputPaths = (
			);
			name = "Copy Pods Resources";
			outputPaths = (
			);
			runOnlyForDeploymentPostprocessing = 0;
			shellPath = /bin/sh;
			shellScript = "\"${SRCROOT}/Pods/Target Support Files/Pods/Pods-resources.sh\"\n";
			showEnvVarsInLog = 0;
		};
		A7BF24AD90E47DE71F309C71 /* Embed Pods Frameworks */ = {
			isa = PBXShellScriptBuildPhase;
			buildActionMask = 2147483647;
			files = (
			);
			inputPaths = (
			);
			name = "Embed Pods Frameworks";
			outputPaths = (
			);
			runOnlyForDeploymentPostprocessing = 0;
			shellPath = /bin/sh;
			shellScript = "\"${SRCROOT}/Pods/Target Support Files/Pods/Pods-frameworks.sh\"\n";
			showEnvVarsInLog = 0;
		};
		B2263FCAC2DD88C912F140EC /* Check Pods Manifest.lock */ = {
			isa = PBXShellScriptBuildPhase;
			buildActionMask = 2147483647;
			files = (
			);
			inputPaths = (
			);
			name = "Check Pods Manifest.lock";
			outputPaths = (
			);
			runOnlyForDeploymentPostprocessing = 0;
			shellPath = /bin/sh;
			shellScript = "diff \"${PODS_ROOT}/../Podfile.lock\" \"${PODS_ROOT}/Manifest.lock\" > /dev/null\nif [[ $? != 0 ]] ; then\n    cat << EOM\nerror: The sandbox is not in sync with the Podfile.lock. Run 'pod install' or update your CocoaPods installation.\nEOM\n    exit 1\nfi\n";
			showEnvVarsInLog = 0;
		};
/* End PBXShellScriptBuildPhase section */

/* Begin PBXSourcesBuildPhase section */
		3953BF801B8DC29B00E39CC9 /* Sources */ = {
			isa = PBXSourcesBuildPhase;
			buildActionMask = 2147483647;
			files = (
				3953BF8C1B8DC29B00E39CC9 /* ViewController.swift in Sources */,
				3953BF8A1B8DC29B00E39CC9 /* AppDelegate.swift in Sources */,
				3953BFAC1B8E230300E39CC9 /* LocalDataHandler.swift in Sources */,
			);
			runOnlyForDeploymentPostprocessing = 0;
		};
		3953BF951B8DC29B00E39CC9 /* Sources */ = {
			isa = PBXSourcesBuildPhase;
			buildActionMask = 2147483647;
			files = (
				395EDD1C1B8E61150012A465 /* LocalDataHandlerTest.swift in Sources */,
				3953BFA01B8DC29B00E39CC9 /* CrowdShelfTests.swift in Sources */,
				395EDD1E1B8E61DE0012A465 /* LocalDataHandler.swift in Sources */,
			);
			runOnlyForDeploymentPostprocessing = 0;
		};
/* End PBXSourcesBuildPhase section */

/* Begin PBXTargetDependency section */
		3953BF9B1B8DC29B00E39CC9 /* PBXTargetDependency */ = {
			isa = PBXTargetDependency;
			target = 3953BF831B8DC29B00E39CC9 /* CrowdShelf */;
			targetProxy = 3953BF9A1B8DC29B00E39CC9 /* PBXContainerItemProxy */;
		};
/* End PBXTargetDependency section */

/* Begin PBXVariantGroup section */
		3953BF8D1B8DC29B00E39CC9 /* Main.storyboard */ = {
			isa = PBXVariantGroup;
			children = (
				3953BF8E1B8DC29B00E39CC9 /* Base */,
			);
			name = Main.storyboard;
			sourceTree = "<group>";
		};
		3953BF921B8DC29B00E39CC9 /* LaunchScreen.xib */ = {
			isa = PBXVariantGroup;
			children = (
				3953BF931B8DC29B00E39CC9 /* Base */,
			);
			name = LaunchScreen.xib;
			sourceTree = "<group>";
		};
/* End PBXVariantGroup section */

/* Begin XCBuildConfiguration section */
		3953BFA11B8DC29B00E39CC9 /* Debug */ = {
			isa = XCBuildConfiguration;
			buildSettings = {
				ALWAYS_SEARCH_USER_PATHS = NO;
				CLANG_CXX_LANGUAGE_STANDARD = "gnu++0x";
				CLANG_CXX_LIBRARY = "libc++";
				CLANG_ENABLE_MODULES = YES;
				CLANG_ENABLE_OBJC_ARC = YES;
				CLANG_WARN_BOOL_CONVERSION = YES;
				CLANG_WARN_CONSTANT_CONVERSION = YES;
				CLANG_WARN_DIRECT_OBJC_ISA_USAGE = YES_ERROR;
				CLANG_WARN_EMPTY_BODY = YES;
				CLANG_WARN_ENUM_CONVERSION = YES;
				CLANG_WARN_INT_CONVERSION = YES;
				CLANG_WARN_OBJC_ROOT_CLASS = YES_ERROR;
				CLANG_WARN_UNREACHABLE_CODE = YES;
				CLANG_WARN__DUPLICATE_METHOD_MATCH = YES;
				"CODE_SIGN_IDENTITY[sdk=iphoneos*]" = "iPhone Developer";
				COPY_PHASE_STRIP = NO;
				DEBUG_INFORMATION_FORMAT = "dwarf-with-dsym";
				ENABLE_STRICT_OBJC_MSGSEND = YES;
				GCC_C_LANGUAGE_STANDARD = gnu99;
				GCC_DYNAMIC_NO_PIC = NO;
				GCC_NO_COMMON_BLOCKS = YES;
				GCC_OPTIMIZATION_LEVEL = 0;
				GCC_PREPROCESSOR_DEFINITIONS = (
					"DEBUG=1",
					"$(inherited)",
				);
				GCC_SYMBOLS_PRIVATE_EXTERN = NO;
				GCC_WARN_64_TO_32_BIT_CONVERSION = YES;
				GCC_WARN_ABOUT_RETURN_TYPE = YES_ERROR;
				GCC_WARN_UNDECLARED_SELECTOR = YES;
				GCC_WARN_UNINITIALIZED_AUTOS = YES_AGGRESSIVE;
				GCC_WARN_UNUSED_FUNCTION = YES;
				GCC_WARN_UNUSED_VARIABLE = YES;
				IPHONEOS_DEPLOYMENT_TARGET = 8.4;
				MTL_ENABLE_DEBUG_INFO = YES;
				ONLY_ACTIVE_ARCH = YES;
				SDKROOT = iphoneos;
				SWIFT_OPTIMIZATION_LEVEL = "-Onone";
			};
			name = Debug;
		};
		3953BFA21B8DC29B00E39CC9 /* Release */ = {
			isa = XCBuildConfiguration;
			buildSettings = {
				ALWAYS_SEARCH_USER_PATHS = NO;
				CLANG_CXX_LANGUAGE_STANDARD = "gnu++0x";
				CLANG_CXX_LIBRARY = "libc++";
				CLANG_ENABLE_MODULES = YES;
				CLANG_ENABLE_OBJC_ARC = YES;
				CLANG_WARN_BOOL_CONVERSION = YES;
				CLANG_WARN_CONSTANT_CONVERSION = YES;
				CLANG_WARN_DIRECT_OBJC_ISA_USAGE = YES_ERROR;
				CLANG_WARN_EMPTY_BODY = YES;
				CLANG_WARN_ENUM_CONVERSION = YES;
				CLANG_WARN_INT_CONVERSION = YES;
				CLANG_WARN_OBJC_ROOT_CLASS = YES_ERROR;
				CLANG_WARN_UNREACHABLE_CODE = YES;
				CLANG_WARN__DUPLICATE_METHOD_MATCH = YES;
				"CODE_SIGN_IDENTITY[sdk=iphoneos*]" = "iPhone Developer";
				COPY_PHASE_STRIP = NO;
				DEBUG_INFORMATION_FORMAT = "dwarf-with-dsym";
				ENABLE_NS_ASSERTIONS = NO;
				ENABLE_STRICT_OBJC_MSGSEND = YES;
				GCC_C_LANGUAGE_STANDARD = gnu99;
				GCC_NO_COMMON_BLOCKS = YES;
				GCC_WARN_64_TO_32_BIT_CONVERSION = YES;
				GCC_WARN_ABOUT_RETURN_TYPE = YES_ERROR;
				GCC_WARN_UNDECLARED_SELECTOR = YES;
				GCC_WARN_UNINITIALIZED_AUTOS = YES_AGGRESSIVE;
				GCC_WARN_UNUSED_FUNCTION = YES;
				GCC_WARN_UNUSED_VARIABLE = YES;
				IPHONEOS_DEPLOYMENT_TARGET = 8.4;
				MTL_ENABLE_DEBUG_INFO = NO;
				SDKROOT = iphoneos;
				VALIDATE_PRODUCT = YES;
			};
			name = Release;
		};
		3953BFA41B8DC29B00E39CC9 /* Debug */ = {
			isa = XCBuildConfiguration;
			baseConfigurationReference = 7E135A9CE28D13E7D82D9BE1 /* Pods.debug.xcconfig */;
			buildSettings = {
				ASSETCATALOG_COMPILER_APPICON_NAME = AppIcon;
				INFOPLIST_FILE = CrowdShelf/Info.plist;
				LD_RUNPATH_SEARCH_PATHS = "$(inherited) @executable_path/Frameworks";
				PRODUCT_NAME = "$(TARGET_NAME)";
			};
			name = Debug;
		};
		3953BFA51B8DC29B00E39CC9 /* Release */ = {
			isa = XCBuildConfiguration;
			baseConfigurationReference = 3249996AC10CAAC8E7BC346D /* Pods.release.xcconfig */;
			buildSettings = {
				ASSETCATALOG_COMPILER_APPICON_NAME = AppIcon;
				INFOPLIST_FILE = CrowdShelf/Info.plist;
				LD_RUNPATH_SEARCH_PATHS = "$(inherited) @executable_path/Frameworks";
				PRODUCT_NAME = "$(TARGET_NAME)";
			};
			name = Release;
		};
		3953BFA71B8DC29B00E39CC9 /* Debug */ = {
			isa = XCBuildConfiguration;
			buildSettings = {
				BUNDLE_LOADER = "$(TEST_HOST)";
				FRAMEWORK_SEARCH_PATHS = (
					"$(SDKROOT)/Developer/Library/Frameworks",
					"$(inherited)",
				);
				GCC_PREPROCESSOR_DEFINITIONS = (
					"DEBUG=1",
					"$(inherited)",
				);
				INFOPLIST_FILE = CrowdShelfTests/Info.plist;
				LD_RUNPATH_SEARCH_PATHS = "$(inherited) @executable_path/Frameworks @loader_path/Frameworks";
				PRODUCT_NAME = "$(TARGET_NAME)";
				TEST_HOST = "$(BUILT_PRODUCTS_DIR)/CrowdShelf.app/CrowdShelf";
			};
			name = Debug;
		};
		3953BFA81B8DC29B00E39CC9 /* Release */ = {
			isa = XCBuildConfiguration;
			buildSettings = {
				BUNDLE_LOADER = "$(TEST_HOST)";
				FRAMEWORK_SEARCH_PATHS = (
					"$(SDKROOT)/Developer/Library/Frameworks",
					"$(inherited)",
				);
				INFOPLIST_FILE = CrowdShelfTests/Info.plist;
				LD_RUNPATH_SEARCH_PATHS = "$(inherited) @executable_path/Frameworks @loader_path/Frameworks";
				PRODUCT_NAME = "$(TARGET_NAME)";
				TEST_HOST = "$(BUILT_PRODUCTS_DIR)/CrowdShelf.app/CrowdShelf";
			};
			name = Release;
		};
/* End XCBuildConfiguration section */

/* Begin XCConfigurationList section */
		3953BF7F1B8DC29B00E39CC9 /* Build configuration list for PBXProject "CrowdShelf" */ = {
			isa = XCConfigurationList;
			buildConfigurations = (
				3953BFA11B8DC29B00E39CC9 /* Debug */,
				3953BFA21B8DC29B00E39CC9 /* Release */,
			);
			defaultConfigurationIsVisible = 0;
			defaultConfigurationName = Release;
		};
		3953BFA31B8DC29B00E39CC9 /* Build configuration list for PBXNativeTarget "CrowdShelf" */ = {
			isa = XCConfigurationList;
			buildConfigurations = (
				3953BFA41B8DC29B00E39CC9 /* Debug */,
				3953BFA51B8DC29B00E39CC9 /* Release */,
			);
			defaultConfigurationIsVisible = 0;
			defaultConfigurationName = Release;
		};
		3953BFA61B8DC29B00E39CC9 /* Build configuration list for PBXNativeTarget "CrowdShelfTests" */ = {
			isa = XCConfigurationList;
			buildConfigurations = (
				3953BFA71B8DC29B00E39CC9 /* Debug */,
				3953BFA81B8DC29B00E39CC9 /* Release */,
			);
			defaultConfigurationIsVisible = 0;
			defaultConfigurationName = Release;
		};
/* End XCConfigurationList section */
	};
	rootObject = 3953BF7C1B8DC29B00E39CC9 /* Project object */;
}
