PODS:
  - Alamofire (2.0.2)
  - CryptoSwift (0.1.1)
  - Mixpanel (2.9.0):
    - Mixpanel/Mixpanel (= 2.9.0)
  - Mixpanel/Mixpanel (2.9.0)
  - MTBBarcodeScanner (1.6.1)

DEPENDENCIES:
  - Alamofire (~> 2.0)
  - CryptoSwift (~> 0.1.1)
  - Mixpanel
  - MTBBarcodeScanner (~> 1.6.1)

SPEC CHECKSUMS:
  Alamofire: 8edbab00802a752bb5240cc2abe70e7e881488ad
  CryptoSwift: c11640d3d66107efc8333e4131a5173f072b1d61
  Mixpanel: 42ae6168effc48481d957f7883dd8514a398738d
  MTBBarcodeScanner: beda75d4c1e2750405f62ee53f7a7ee40bf6825b

COCOAPODS: 0.39.0
